// !$*UTF8*$!
{
   archiveVersion = "1";
   objectVersion = "46";
   objects = {
      "OBJ_1" = {
         isa = "PBXProject";
         attributes = {
            LastSwiftMigration = "9999";
            LastUpgradeCheck = "9999";
         };
         buildConfigurationList = "OBJ_2";
         compatibilityVersion = "Xcode 3.2";
         developmentRegion = "en";
         hasScannedForEncodings = "0";
         knownRegions = (
            "en"
         );
         mainGroup = "OBJ_5";
         productRefGroup = "OBJ_104";
         projectDirPath = ".";
         targets = (
            "SwiftPM::Basic",
            "SwiftPM::SPMLibc",
            "SwiftPM::SPMUtility",
            "SwiftPM::SwiftPMPackageDescription",
            "cbeacon::cbeacon",
            "cbeacon::SwiftPMPackageDescription",
            "SwiftPM::clibc"
         );
      };
      "OBJ_10" = {
         isa = "PBXFileReference";
         path = "main.swift";
         sourceTree = "<group>";
      };
      "OBJ_100" = {
         isa = "PBXGroup";
         children = (
         );
         name = "swift-run";
         path = ".build/checkouts/swift-package-manager/Sources/swift-run";
         sourceTree = "SOURCE_ROOT";
      };
      "OBJ_101" = {
         isa = "PBXGroup";
         children = (
         );
         name = "swift-test";
         path = ".build/checkouts/swift-package-manager/Sources/swift-test";
         sourceTree = "SOURCE_ROOT";
      };
      "OBJ_102" = {
         isa = "PBXGroup";
         children = (
         );
         name = "swiftpm-xctest-helper";
         path = ".build/checkouts/swift-package-manager/Sources/swiftpm-xctest-helper";
         sourceTree = "SOURCE_ROOT";
      };
      "OBJ_103" = {
         isa = "PBXFileReference";
         explicitFileType = "sourcecode.swift";
         name = "Package.swift";
         path = "/Users/ohya/Projects/github/cbeacon/.build/checkouts/swift-package-manager/Package.swift";
         sourceTree = "<group>";
      };
      "OBJ_104" = {
         isa = "PBXGroup";
         children = (
            "cbeacon::cbeacon::Product",
            "SwiftPM::Basic::Product",
            "SwiftPM::SPMUtility::Product",
            "SwiftPM::SPMLibc::Product",
            "SwiftPM::clibc::Product"
         );
         name = "Products";
         path = "";
         sourceTree = "BUILT_PRODUCTS_DIR";
      };
      "OBJ_11" = {
         isa = "PBXGroup";
         children = (
         );
         name = "Tests";
         path = "";
         sourceTree = "SOURCE_ROOT";
      };
      "OBJ_110" = {
         isa = "PBXFileReference";
         path = "man";
         sourceTree = "SOURCE_ROOT";
      };
      "OBJ_111" = {
         isa = "PBXFileReference";
         path = "LICENSE";
         sourceTree = "<group>";
      };
      "OBJ_112" = {
         isa = "PBXFileReference";
         path = "Makefile";
         sourceTree = "<group>";
      };
      "OBJ_113" = {
         isa = "PBXFileReference";
         path = "cbeacon.rb-sv2";
         sourceTree = "<group>";
      };
      "OBJ_114" = {
         isa = "PBXFileReference";
         path = "cbeacon.iml";
         sourceTree = "<group>";
      };
      "OBJ_115" = {
         isa = "PBXFileReference";
         path = "run.sh";
         sourceTree = "<group>";
      };
      "OBJ_116" = {
         isa = "PBXFileReference";
         path = "README.md";
         sourceTree = "<group>";
      };
      "OBJ_117" = {
         isa = "PBXFileReference";
         path = "cbeacon.rb-sv1";
         sourceTree = "<group>";
      };
      "OBJ_118" = {
         isa = "PBXFileReference";
         path = "memo.txt";
         sourceTree = "<group>";
      };
      "OBJ_12" = {
         isa = "PBXGroup";
         children = (
            "OBJ_13"
         );
         name = "Dependencies";
         path = "";
         sourceTree = "<group>";
      };
      "OBJ_120" = {
         isa = "XCConfigurationList";
         buildConfigurations = (
            "OBJ_121",
            "OBJ_122"
         );
         defaultConfigurationIsVisible = "0";
         defaultConfigurationName = "Release";
      };
      "OBJ_121" = {
         isa = "XCBuildConfiguration";
         buildSettings = {
            ENABLE_TESTABILITY = "YES";
            FRAMEWORK_SEARCH_PATHS = (
               "$(inherited)",
               "$(PLATFORM_DIR)/Developer/Library/Frameworks"
            );
            HEADER_SEARCH_PATHS = (
               "$(inherited)",
               "$(SRCROOT)/.build/checkouts/swift-package-manager/Sources/clibc/include"
            );
            INFOPLIST_FILE = "cbeacon.xcodeproj/Basic_Info.plist";
            LD_RUNPATH_SEARCH_PATHS = (
               "$(inherited)",
               "$(TOOLCHAIN_DIR)/usr/lib/swift/macosx"
            );
            OTHER_CFLAGS = (
               "$(inherited)"
            );
            OTHER_LDFLAGS = (
               "$(inherited)"
            );
            OTHER_SWIFT_FLAGS = (
               "$(inherited)",
               "-Xcc",
               "-fmodule-map-file=$(SRCROOT)/.build/checkouts/swift-package-manager/Sources/clibc/include/module.modulemap"
            );
            PRODUCT_BUNDLE_IDENTIFIER = "Basic";
            PRODUCT_MODULE_NAME = "$(TARGET_NAME:c99extidentifier)";
            PRODUCT_NAME = "$(TARGET_NAME:c99extidentifier)";
            SKIP_INSTALL = "YES";
            SWIFT_ACTIVE_COMPILATION_CONDITIONS = (
               "$(inherited)"
            );
            SWIFT_VERSION = "4.2";
            TARGET_NAME = "Basic";
         };
         name = "Debug";
      };
      "OBJ_122" = {
         isa = "XCBuildConfiguration";
         buildSettings = {
            ENABLE_TESTABILITY = "YES";
            FRAMEWORK_SEARCH_PATHS = (
               "$(inherited)",
               "$(PLATFORM_DIR)/Developer/Library/Frameworks"
            );
            HEADER_SEARCH_PATHS = (
               "$(inherited)",
               "$(SRCROOT)/.build/checkouts/swift-package-manager/Sources/clibc/include"
            );
            INFOPLIST_FILE = "cbeacon.xcodeproj/Basic_Info.plist";
            LD_RUNPATH_SEARCH_PATHS = (
               "$(inherited)",
               "$(TOOLCHAIN_DIR)/usr/lib/swift/macosx"
            );
            OTHER_CFLAGS = (
               "$(inherited)"
            );
            OTHER_LDFLAGS = (
               "$(inherited)"
            );
            OTHER_SWIFT_FLAGS = (
               "$(inherited)",
               "-Xcc",
               "-fmodule-map-file=$(SRCROOT)/.build/checkouts/swift-package-manager/Sources/clibc/include/module.modulemap"
            );
            PRODUCT_BUNDLE_IDENTIFIER = "Basic";
            PRODUCT_MODULE_NAME = "$(TARGET_NAME:c99extidentifier)";
            PRODUCT_NAME = "$(TARGET_NAME:c99extidentifier)";
            SKIP_INSTALL = "YES";
            SWIFT_ACTIVE_COMPILATION_CONDITIONS = (
               "$(inherited)"
            );
            SWIFT_VERSION = "4.2";
            TARGET_NAME = "Basic";
         };
         name = "Release";
      };
      "OBJ_123" = {
         isa = "PBXSourcesBuildPhase";
         files = (
            "OBJ_124",
            "OBJ_125",
            "OBJ_126",
            "OBJ_127",
            "OBJ_128",
            "OBJ_129",
            "OBJ_130",
            "OBJ_131",
            "OBJ_132",
            "OBJ_133",
            "OBJ_134",
            "OBJ_135",
            "OBJ_136",
            "OBJ_137",
            "OBJ_138",
            "OBJ_139",
            "OBJ_140",
            "OBJ_141",
            "OBJ_142",
            "OBJ_143",
            "OBJ_144",
            "OBJ_145",
            "OBJ_146",
            "OBJ_147",
            "OBJ_148",
            "OBJ_149",
            "OBJ_150",
            "OBJ_151",
            "OBJ_152",
            "OBJ_153",
            "OBJ_154",
            "OBJ_155",
            "OBJ_156",
            "OBJ_157",
            "OBJ_158",
            "OBJ_159",
            "OBJ_160",
            "OBJ_161",
            "OBJ_162",
            "OBJ_163"
         );
      };
      "OBJ_124" = {
         isa = "PBXBuildFile";
         fileRef = "OBJ_15";
      };
      "OBJ_125" = {
         isa = "PBXBuildFile";
         fileRef = "OBJ_16";
      };
      "OBJ_126" = {
         isa = "PBXBuildFile";
         fileRef = "OBJ_17";
      };
      "OBJ_127" = {
         isa = "PBXBuildFile";
         fileRef = "OBJ_18";
      };
      "OBJ_128" = {
         isa = "PBXBuildFile";
         fileRef = "OBJ_19";
      };
      "OBJ_129" = {
         isa = "PBXBuildFile";
         fileRef = "OBJ_20";
      };
      "OBJ_13" = {
         isa = "PBXGroup";
         children = (
            "OBJ_14",
            "OBJ_55",
            "OBJ_56",
            "OBJ_57",
            "OBJ_58",
            "OBJ_59",
            "OBJ_60",
            "OBJ_61",
            "OBJ_62",
            "OBJ_64",
            "OBJ_87",
            "OBJ_88",
            "OBJ_89",
            "OBJ_90",
            "OBJ_91",
            "OBJ_92",
            "OBJ_98",
            "OBJ_99",
            "OBJ_100",
            "OBJ_101",
            "OBJ_102",
            "OBJ_103"
         );
         name = "SwiftPM 0.5.0";
         path = "";
         sourceTree = "SOURCE_ROOT";
      };
      "OBJ_130" = {
         isa = "PBXBuildFile";
         fileRef = "OBJ_21";
      };
      "OBJ_131" = {
         isa = "PBXBuildFile";
         fileRef = "OBJ_22";
      };
      "OBJ_132" = {
         isa = "PBXBuildFile";
         fileRef = "OBJ_23";
      };
      "OBJ_133" = {
         isa = "PBXBuildFile";
         fileRef = "OBJ_24";
      };
      "OBJ_134" = {
         isa = "PBXBuildFile";
         fileRef = "OBJ_25";
      };
      "OBJ_135" = {
         isa = "PBXBuildFile";
         fileRef = "OBJ_26";
      };
      "OBJ_136" = {
         isa = "PBXBuildFile";
         fileRef = "OBJ_27";
      };
      "OBJ_137" = {
         isa = "PBXBuildFile";
         fileRef = "OBJ_28";
      };
      "OBJ_138" = {
         isa = "PBXBuildFile";
         fileRef = "OBJ_29";
      };
      "OBJ_139" = {
         isa = "PBXBuildFile";
         fileRef = "OBJ_30";
      };
      "OBJ_14" = {
         isa = "PBXGroup";
         children = (
            "OBJ_15",
            "OBJ_16",
            "OBJ_17",
            "OBJ_18",
            "OBJ_19",
            "OBJ_20",
            "OBJ_21",
            "OBJ_22",
            "OBJ_23",
            "OBJ_24",
            "OBJ_25",
            "OBJ_26",
            "OBJ_27",
            "OBJ_28",
            "OBJ_29",
            "OBJ_30",
            "OBJ_31",
            "OBJ_32",
            "OBJ_33",
            "OBJ_34",
            "OBJ_35",
            "OBJ_36",
            "OBJ_37",
            "OBJ_38",
            "OBJ_39",
            "OBJ_40",
            "OBJ_41",
            "OBJ_42",
            "OBJ_43",
            "OBJ_44",
            "OBJ_45",
            "OBJ_46",
            "OBJ_47",
            "OBJ_48",
            "OBJ_49",
            "OBJ_50",
            "OBJ_51",
            "OBJ_52",
            "OBJ_53",
            "OBJ_54"
         );
         name = "Basic";
         path = ".build/checkouts/swift-package-manager/Sources/Basic";
         sourceTree = "SOURCE_ROOT";
      };
      "OBJ_140" = {
         isa = "PBXBuildFile";
         fileRef = "OBJ_31";
      };
      "OBJ_141" = {
         isa = "PBXBuildFile";
         fileRef = "OBJ_32";
      };
      "OBJ_142" = {
         isa = "PBXBuildFile";
         fileRef = "OBJ_33";
      };
      "OBJ_143" = {
         isa = "PBXBuildFile";
         fileRef = "OBJ_34";
      };
      "OBJ_144" = {
         isa = "PBXBuildFile";
         fileRef = "OBJ_35";
      };
      "OBJ_145" = {
         isa = "PBXBuildFile";
         fileRef = "OBJ_36";
      };
      "OBJ_146" = {
         isa = "PBXBuildFile";
         fileRef = "OBJ_37";
      };
      "OBJ_147" = {
         isa = "PBXBuildFile";
         fileRef = "OBJ_38";
      };
      "OBJ_148" = {
         isa = "PBXBuildFile";
         fileRef = "OBJ_39";
      };
      "OBJ_149" = {
         isa = "PBXBuildFile";
         fileRef = "OBJ_40";
      };
      "OBJ_15" = {
         isa = "PBXFileReference";
         path = "Await.swift";
         sourceTree = "<group>";
      };
      "OBJ_150" = {
         isa = "PBXBuildFile";
         fileRef = "OBJ_41";
      };
      "OBJ_151" = {
         isa = "PBXBuildFile";
         fileRef = "OBJ_42";
      };
      "OBJ_152" = {
         isa = "PBXBuildFile";
         fileRef = "OBJ_43";
      };
      "OBJ_153" = {
         isa = "PBXBuildFile";
         fileRef = "OBJ_44";
      };
      "OBJ_154" = {
         isa = "PBXBuildFile";
         fileRef = "OBJ_45";
      };
      "OBJ_155" = {
         isa = "PBXBuildFile";
         fileRef = "OBJ_46";
      };
      "OBJ_156" = {
         isa = "PBXBuildFile";
         fileRef = "OBJ_47";
      };
      "OBJ_157" = {
         isa = "PBXBuildFile";
         fileRef = "OBJ_48";
      };
      "OBJ_158" = {
         isa = "PBXBuildFile";
         fileRef = "OBJ_49";
      };
      "OBJ_159" = {
         isa = "PBXBuildFile";
         fileRef = "OBJ_50";
      };
      "OBJ_16" = {
         isa = "PBXFileReference";
         path = "ByteString.swift";
         sourceTree = "<group>";
      };
      "OBJ_160" = {
         isa = "PBXBuildFile";
         fileRef = "OBJ_51";
      };
      "OBJ_161" = {
         isa = "PBXBuildFile";
         fileRef = "OBJ_52";
      };
      "OBJ_162" = {
         isa = "PBXBuildFile";
         fileRef = "OBJ_53";
      };
      "OBJ_163" = {
         isa = "PBXBuildFile";
         fileRef = "OBJ_54";
      };
      "OBJ_164" = {
         isa = "PBXFrameworksBuildPhase";
         files = (
            "OBJ_165",
            "OBJ_166"
         );
      };
      "OBJ_165" = {
         isa = "PBXBuildFile";
         fileRef = "SwiftPM::SPMLibc::Product";
      };
      "OBJ_166" = {
         isa = "PBXBuildFile";
         fileRef = "SwiftPM::clibc::Product";
      };
      "OBJ_167" = {
         isa = "PBXTargetDependency";
         target = "SwiftPM::SPMLibc";
      };
      "OBJ_169" = {
         isa = "PBXTargetDependency";
         target = "SwiftPM::clibc";
      };
      "OBJ_17" = {
         isa = "PBXFileReference";
         path = "CStringArray.swift";
         sourceTree = "<group>";
      };
      "OBJ_171" = {
         isa = "XCConfigurationList";
         buildConfigurations = (
            "OBJ_172",
            "OBJ_173"
         );
         defaultConfigurationIsVisible = "0";
         defaultConfigurationName = "Release";
      };
      "OBJ_172" = {
         isa = "XCBuildConfiguration";
         buildSettings = {
            ENABLE_TESTABILITY = "YES";
            FRAMEWORK_SEARCH_PATHS = (
               "$(inherited)",
               "$(PLATFORM_DIR)/Developer/Library/Frameworks"
            );
            HEADER_SEARCH_PATHS = (
               "$(inherited)",
               "$(SRCROOT)/.build/checkouts/swift-package-manager/Sources/clibc/include"
            );
            INFOPLIST_FILE = "cbeacon.xcodeproj/SPMLibc_Info.plist";
            LD_RUNPATH_SEARCH_PATHS = (
               "$(inherited)",
               "$(TOOLCHAIN_DIR)/usr/lib/swift/macosx"
            );
            OTHER_CFLAGS = (
               "$(inherited)"
            );
            OTHER_LDFLAGS = (
               "$(inherited)"
            );
            OTHER_SWIFT_FLAGS = (
               "$(inherited)",
               "-Xcc",
               "-fmodule-map-file=$(SRCROOT)/.build/checkouts/swift-package-manager/Sources/clibc/include/module.modulemap"
            );
            PRODUCT_BUNDLE_IDENTIFIER = "SPMLibc";
            PRODUCT_MODULE_NAME = "$(TARGET_NAME:c99extidentifier)";
            PRODUCT_NAME = "$(TARGET_NAME:c99extidentifier)";
            SKIP_INSTALL = "YES";
            SWIFT_ACTIVE_COMPILATION_CONDITIONS = (
               "$(inherited)"
            );
            SWIFT_VERSION = "4.2";
            TARGET_NAME = "SPMLibc";
         };
         name = "Debug";
      };
      "OBJ_173" = {
         isa = "XCBuildConfiguration";
         buildSettings = {
            ENABLE_TESTABILITY = "YES";
            FRAMEWORK_SEARCH_PATHS = (
               "$(inherited)",
               "$(PLATFORM_DIR)/Developer/Library/Frameworks"
            );
            HEADER_SEARCH_PATHS = (
               "$(inherited)",
               "$(SRCROOT)/.build/checkouts/swift-package-manager/Sources/clibc/include"
            );
            INFOPLIST_FILE = "cbeacon.xcodeproj/SPMLibc_Info.plist";
            LD_RUNPATH_SEARCH_PATHS = (
               "$(inherited)",
               "$(TOOLCHAIN_DIR)/usr/lib/swift/macosx"
            );
            OTHER_CFLAGS = (
               "$(inherited)"
            );
            OTHER_LDFLAGS = (
               "$(inherited)"
            );
            OTHER_SWIFT_FLAGS = (
               "$(inherited)",
               "-Xcc",
               "-fmodule-map-file=$(SRCROOT)/.build/checkouts/swift-package-manager/Sources/clibc/include/module.modulemap"
            );
            PRODUCT_BUNDLE_IDENTIFIER = "SPMLibc";
            PRODUCT_MODULE_NAME = "$(TARGET_NAME:c99extidentifier)";
            PRODUCT_NAME = "$(TARGET_NAME:c99extidentifier)";
            SKIP_INSTALL = "YES";
            SWIFT_ACTIVE_COMPILATION_CONDITIONS = (
               "$(inherited)"
            );
            SWIFT_VERSION = "4.2";
            TARGET_NAME = "SPMLibc";
         };
         name = "Release";
      };
      "OBJ_174" = {
         isa = "PBXSourcesBuildPhase";
         files = (
            "OBJ_175"
         );
      };
      "OBJ_175" = {
         isa = "PBXBuildFile";
         fileRef = "OBJ_63";
      };
      "OBJ_176" = {
         isa = "PBXFrameworksBuildPhase";
         files = (
            "OBJ_177"
         );
      };
      "OBJ_177" = {
         isa = "PBXBuildFile";
         fileRef = "SwiftPM::clibc::Product";
      };
      "OBJ_178" = {
         isa = "PBXTargetDependency";
         target = "SwiftPM::clibc";
      };
      "OBJ_18" = {
         isa = "PBXFileReference";
         path = "CacheableSequence.swift";
         sourceTree = "<group>";
      };
      "OBJ_180" = {
         isa = "XCConfigurationList";
         buildConfigurations = (
            "OBJ_181",
            "OBJ_182"
         );
         defaultConfigurationIsVisible = "0";
         defaultConfigurationName = "Release";
      };
      "OBJ_181" = {
         isa = "XCBuildConfiguration";
         buildSettings = {
            ENABLE_TESTABILITY = "YES";
            FRAMEWORK_SEARCH_PATHS = (
               "$(inherited)",
               "$(PLATFORM_DIR)/Developer/Library/Frameworks"
            );
            HEADER_SEARCH_PATHS = (
               "$(inherited)",
               "$(SRCROOT)/.build/checkouts/swift-package-manager/Sources/clibc/include"
            );
            INFOPLIST_FILE = "cbeacon.xcodeproj/SPMUtility_Info.plist";
            LD_RUNPATH_SEARCH_PATHS = (
               "$(inherited)",
               "$(TOOLCHAIN_DIR)/usr/lib/swift/macosx"
            );
            OTHER_CFLAGS = (
               "$(inherited)"
            );
            OTHER_LDFLAGS = (
               "$(inherited)"
            );
            OTHER_SWIFT_FLAGS = (
               "$(inherited)",
               "-Xcc",
               "-fmodule-map-file=$(SRCROOT)/.build/checkouts/swift-package-manager/Sources/clibc/include/module.modulemap"
            );
            PRODUCT_BUNDLE_IDENTIFIER = "SPMUtility";
            PRODUCT_MODULE_NAME = "$(TARGET_NAME:c99extidentifier)";
            PRODUCT_NAME = "$(TARGET_NAME:c99extidentifier)";
            SKIP_INSTALL = "YES";
            SWIFT_ACTIVE_COMPILATION_CONDITIONS = (
               "$(inherited)"
            );
            SWIFT_VERSION = "4.2";
            TARGET_NAME = "SPMUtility";
         };
         name = "Debug";
      };
      "OBJ_182" = {
         isa = "XCBuildConfiguration";
         buildSettings = {
            ENABLE_TESTABILITY = "YES";
            FRAMEWORK_SEARCH_PATHS = (
               "$(inherited)",
               "$(PLATFORM_DIR)/Developer/Library/Frameworks"
            );
            HEADER_SEARCH_PATHS = (
               "$(inherited)",
               "$(SRCROOT)/.build/checkouts/swift-package-manager/Sources/clibc/include"
            );
            INFOPLIST_FILE = "cbeacon.xcodeproj/SPMUtility_Info.plist";
            LD_RUNPATH_SEARCH_PATHS = (
               "$(inherited)",
               "$(TOOLCHAIN_DIR)/usr/lib/swift/macosx"
            );
            OTHER_CFLAGS = (
               "$(inherited)"
            );
            OTHER_LDFLAGS = (
               "$(inherited)"
            );
            OTHER_SWIFT_FLAGS = (
               "$(inherited)",
               "-Xcc",
               "-fmodule-map-file=$(SRCROOT)/.build/checkouts/swift-package-manager/Sources/clibc/include/module.modulemap"
            );
            PRODUCT_BUNDLE_IDENTIFIER = "SPMUtility";
            PRODUCT_MODULE_NAME = "$(TARGET_NAME:c99extidentifier)";
            PRODUCT_NAME = "$(TARGET_NAME:c99extidentifier)";
            SKIP_INSTALL = "YES";
            SWIFT_ACTIVE_COMPILATION_CONDITIONS = (
               "$(inherited)"
            );
            SWIFT_VERSION = "4.2";
            TARGET_NAME = "SPMUtility";
         };
         name = "Release";
      };
      "OBJ_183" = {
         isa = "PBXSourcesBuildPhase";
         files = (
            "OBJ_184",
            "OBJ_185",
            "OBJ_186",
            "OBJ_187",
            "OBJ_188",
            "OBJ_189",
            "OBJ_190",
            "OBJ_191",
            "OBJ_192",
            "OBJ_193",
            "OBJ_194",
            "OBJ_195",
            "OBJ_196",
            "OBJ_197",
            "OBJ_198",
            "OBJ_199",
            "OBJ_200",
            "OBJ_201",
            "OBJ_202",
            "OBJ_203",
            "OBJ_204",
            "OBJ_205"
         );
      };
      "OBJ_184" = {
         isa = "PBXBuildFile";
         fileRef = "OBJ_65";
      };
      "OBJ_185" = {
         isa = "PBXBuildFile";
         fileRef = "OBJ_66";
      };
      "OBJ_186" = {
         isa = "PBXBuildFile";
         fileRef = "OBJ_67";
      };
      "OBJ_187" = {
         isa = "PBXBuildFile";
         fileRef = "OBJ_68";
      };
      "OBJ_188" = {
         isa = "PBXBuildFile";
         fileRef = "OBJ_69";
      };
      "OBJ_189" = {
         isa = "PBXBuildFile";
         fileRef = "OBJ_70";
      };
      "OBJ_19" = {
         isa = "PBXFileReference";
         path = "CollectionAlgorithms.swift";
         sourceTree = "<group>";
      };
      "OBJ_190" = {
         isa = "PBXBuildFile";
         fileRef = "OBJ_71";
      };
      "OBJ_191" = {
         isa = "PBXBuildFile";
         fileRef = "OBJ_72";
      };
      "OBJ_192" = {
         isa = "PBXBuildFile";
         fileRef = "OBJ_73";
      };
      "OBJ_193" = {
         isa = "PBXBuildFile";
         fileRef = "OBJ_74";
      };
      "OBJ_194" = {
         isa = "PBXBuildFile";
         fileRef = "OBJ_75";
      };
      "OBJ_195" = {
         isa = "PBXBuildFile";
         fileRef = "OBJ_76";
      };
      "OBJ_196" = {
         isa = "PBXBuildFile";
         fileRef = "OBJ_77";
      };
      "OBJ_197" = {
         isa = "PBXBuildFile";
         fileRef = "OBJ_78";
      };
      "OBJ_198" = {
         isa = "PBXBuildFile";
         fileRef = "OBJ_79";
      };
      "OBJ_199" = {
         isa = "PBXBuildFile";
         fileRef = "OBJ_80";
      };
      "OBJ_2" = {
         isa = "XCConfigurationList";
         buildConfigurations = (
            "OBJ_3",
            "OBJ_4"
         );
         defaultConfigurationIsVisible = "0";
         defaultConfigurationName = "Release";
      };
      "OBJ_20" = {
         isa = "PBXFileReference";
         path = "CollectionExtensions.swift";
         sourceTree = "<group>";
      };
      "OBJ_200" = {
         isa = "PBXBuildFile";
         fileRef = "OBJ_81";
      };
      "OBJ_201" = {
         isa = "PBXBuildFile";
         fileRef = "OBJ_82";
      };
      "OBJ_202" = {
         isa = "PBXBuildFile";
         fileRef = "OBJ_83";
      };
      "OBJ_203" = {
         isa = "PBXBuildFile";
         fileRef = "OBJ_84";
      };
      "OBJ_204" = {
         isa = "PBXBuildFile";
         fileRef = "OBJ_85";
      };
      "OBJ_205" = {
         isa = "PBXBuildFile";
         fileRef = "OBJ_86";
      };
      "OBJ_206" = {
         isa = "PBXFrameworksBuildPhase";
         files = (
            "OBJ_207",
            "OBJ_208",
            "OBJ_209"
         );
      };
      "OBJ_207" = {
         isa = "PBXBuildFile";
         fileRef = "SwiftPM::Basic::Product";
      };
      "OBJ_208" = {
         isa = "PBXBuildFile";
         fileRef = "SwiftPM::SPMLibc::Product";
      };
      "OBJ_209" = {
         isa = "PBXBuildFile";
         fileRef = "SwiftPM::clibc::Product";
      };
      "OBJ_21" = {
         isa = "PBXFileReference";
         path = "Condition.swift";
         sourceTree = "<group>";
      };
      "OBJ_210" = {
         isa = "PBXTargetDependency";
         target = "SwiftPM::Basic";
      };
      "OBJ_211" = {
         isa = "PBXTargetDependency";
         target = "SwiftPM::SPMLibc";
      };
      "OBJ_212" = {
         isa = "PBXTargetDependency";
         target = "SwiftPM::clibc";
      };
      "OBJ_214" = {
         isa = "XCConfigurationList";
         buildConfigurations = (
            "OBJ_215",
            "OBJ_216"
         );
         defaultConfigurationIsVisible = "0";
         defaultConfigurationName = "Release";
      };
      "OBJ_215" = {
         isa = "XCBuildConfiguration";
         buildSettings = {
            LD = "/usr/bin/true";
            OTHER_SWIFT_FLAGS = (
               "-swift-version",
               "4.2",
               "-I",
               "$(TOOLCHAIN_DIR)/usr/lib/swift/pm/4_2",
               "-target",
               "x86_64-apple-macosx10.10",
               "-sdk",
               "/Applications/Xcode.app/Contents/Developer/Platforms/MacOSX.platform/Developer/SDKs/MacOSX10.15.sdk",
               "-package-description-version",
               "4.2"
            );
            SWIFT_VERSION = "4.2";
         };
         name = "Debug";
      };
      "OBJ_216" = {
         isa = "XCBuildConfiguration";
         buildSettings = {
            LD = "/usr/bin/true";
            OTHER_SWIFT_FLAGS = (
               "-swift-version",
               "4.2",
               "-I",
               "$(TOOLCHAIN_DIR)/usr/lib/swift/pm/4_2",
               "-target",
               "x86_64-apple-macosx10.10",
               "-sdk",
               "/Applications/Xcode.app/Contents/Developer/Platforms/MacOSX.platform/Developer/SDKs/MacOSX10.15.sdk",
               "-package-description-version",
               "4.2"
            );
            SWIFT_VERSION = "4.2";
         };
         name = "Release";
      };
      "OBJ_217" = {
         isa = "PBXSourcesBuildPhase";
         files = (
            "OBJ_218"
         );
      };
      "OBJ_218" = {
         isa = "PBXBuildFile";
         fileRef = "OBJ_103";
      };
      "OBJ_22" = {
         isa = "PBXFileReference";
         path = "DeltaAlgorithm.swift";
         sourceTree = "<group>";
      };
      "OBJ_220" = {
         isa = "XCConfigurationList";
         buildConfigurations = (
            "OBJ_221",
            "OBJ_222"
         );
         defaultConfigurationIsVisible = "0";
         defaultConfigurationName = "Release";
      };
      "OBJ_221" = {
         isa = "XCBuildConfiguration";
         buildSettings = {
            FRAMEWORK_SEARCH_PATHS = (
               "$(inherited)",
               "$(PLATFORM_DIR)/Developer/Library/Frameworks"
            );
            HEADER_SEARCH_PATHS = (
               "$(inherited)",
               "$(SRCROOT)/.build/checkouts/swift-package-manager/Sources/clibc/include"
            );
            INFOPLIST_FILE = "cbeacon.xcodeproj/cbeacon_Info.plist";
            IPHONEOS_DEPLOYMENT_TARGET = "8.0";
            LD_RUNPATH_SEARCH_PATHS = (
               "$(inherited)",
               "$(TOOLCHAIN_DIR)/usr/lib/swift/macosx",
               "@executable_path"
            );
            MACOSX_DEPLOYMENT_TARGET = "10.10";
            OTHER_CFLAGS = (
               "$(inherited)"
            );
            OTHER_LDFLAGS = (
               "$(inherited)"
            );
            OTHER_SWIFT_FLAGS = (
               "$(inherited)",
               "-Xcc",
               "-fmodule-map-file=$(SRCROOT)/.build/checkouts/swift-package-manager/Sources/clibc/include/module.modulemap"
            );
            SWIFT_ACTIVE_COMPILATION_CONDITIONS = (
               "$(inherited)"
            );
            SWIFT_FORCE_DYNAMIC_LINK_STDLIB = "YES";
            SWIFT_FORCE_STATIC_LINK_STDLIB = "NO";
            SWIFT_VERSION = "5.0";
            TARGET_NAME = "cbeacon";
            TVOS_DEPLOYMENT_TARGET = "9.0";
            WATCHOS_DEPLOYMENT_TARGET = "2.0";
         };
         name = "Debug";
      };
      "OBJ_222" = {
         isa = "XCBuildConfiguration";
         buildSettings = {
            FRAMEWORK_SEARCH_PATHS = (
               "$(inherited)",
               "$(PLATFORM_DIR)/Developer/Library/Frameworks"
            );
            HEADER_SEARCH_PATHS = (
               "$(inherited)",
               "$(SRCROOT)/.build/checkouts/swift-package-manager/Sources/clibc/include"
            );
            INFOPLIST_FILE = "cbeacon.xcodeproj/cbeacon_Info.plist";
            IPHONEOS_DEPLOYMENT_TARGET = "8.0";
            LD_RUNPATH_SEARCH_PATHS = (
               "$(inherited)",
               "$(TOOLCHAIN_DIR)/usr/lib/swift/macosx",
               "@executable_path"
            );
            MACOSX_DEPLOYMENT_TARGET = "10.10";
            OTHER_CFLAGS = (
               "$(inherited)"
            );
            OTHER_LDFLAGS = (
               "$(inherited)"
            );
            OTHER_SWIFT_FLAGS = (
               "$(inherited)",
               "-Xcc",
               "-fmodule-map-file=$(SRCROOT)/.build/checkouts/swift-package-manager/Sources/clibc/include/module.modulemap"
            );
            SWIFT_ACTIVE_COMPILATION_CONDITIONS = (
               "$(inherited)"
            );
            SWIFT_FORCE_DYNAMIC_LINK_STDLIB = "YES";
            SWIFT_FORCE_STATIC_LINK_STDLIB = "NO";
            SWIFT_VERSION = "5.0";
            TARGET_NAME = "cbeacon";
            TVOS_DEPLOYMENT_TARGET = "9.0";
            WATCHOS_DEPLOYMENT_TARGET = "2.0";
         };
         name = "Release";
      };
      "OBJ_223" = {
         isa = "PBXSourcesBuildPhase";
         files = (
            "OBJ_224",
            "OBJ_225"
         );
      };
      "OBJ_224" = {
         isa = "PBXBuildFile";
         fileRef = "OBJ_9";
      };
      "OBJ_225" = {
         isa = "PBXBuildFile";
         fileRef = "OBJ_10";
      };
      "OBJ_226" = {
         isa = "PBXFrameworksBuildPhase";
         files = (
            "OBJ_227",
            "OBJ_228",
            "OBJ_229",
            "OBJ_230"
         );
      };
      "OBJ_227" = {
         isa = "PBXBuildFile";
         fileRef = "SwiftPM::SPMUtility::Product";
      };
      "OBJ_228" = {
         isa = "PBXBuildFile";
         fileRef = "SwiftPM::Basic::Product";
      };
      "OBJ_229" = {
         isa = "PBXBuildFile";
         fileRef = "SwiftPM::SPMLibc::Product";
      };
      "OBJ_23" = {
         isa = "PBXFileReference";
         path = "DiagnosticsEngine.swift";
         sourceTree = "<group>";
      };
      "OBJ_230" = {
         isa = "PBXBuildFile";
         fileRef = "SwiftPM::clibc::Product";
      };
      "OBJ_231" = {
         isa = "PBXTargetDependency";
         target = "SwiftPM::SPMUtility";
      };
      "OBJ_232" = {
         isa = "PBXTargetDependency";
         target = "SwiftPM::Basic";
      };
      "OBJ_233" = {
         isa = "PBXTargetDependency";
         target = "SwiftPM::SPMLibc";
      };
      "OBJ_234" = {
         isa = "PBXTargetDependency";
         target = "SwiftPM::clibc";
      };
      "OBJ_236" = {
         isa = "XCConfigurationList";
         buildConfigurations = (
            "OBJ_237",
            "OBJ_238"
         );
         defaultConfigurationIsVisible = "0";
         defaultConfigurationName = "Release";
      };
      "OBJ_237" = {
         isa = "XCBuildConfiguration";
         buildSettings = {
            LD = "/usr/bin/true";
            OTHER_SWIFT_FLAGS = (
               "-swift-version",
               "5",
               "-I",
               "$(TOOLCHAIN_DIR)/usr/lib/swift/pm/4_2",
               "-target",
               "x86_64-apple-macosx10.10",
               "-sdk",
               "/Applications/Xcode.app/Contents/Developer/Platforms/MacOSX.platform/Developer/SDKs/MacOSX10.15.sdk",
               "-package-description-version",
               "5.1"
            );
            SWIFT_VERSION = "5.0";
         };
         name = "Debug";
      };
      "OBJ_238" = {
         isa = "XCBuildConfiguration";
         buildSettings = {
            LD = "/usr/bin/true";
            OTHER_SWIFT_FLAGS = (
               "-swift-version",
               "5",
               "-I",
               "$(TOOLCHAIN_DIR)/usr/lib/swift/pm/4_2",
               "-target",
               "x86_64-apple-macosx10.10",
               "-sdk",
               "/Applications/Xcode.app/Contents/Developer/Platforms/MacOSX.platform/Developer/SDKs/MacOSX10.15.sdk",
               "-package-description-version",
               "5.1"
            );
            SWIFT_VERSION = "5.0";
         };
         name = "Release";
      };
      "OBJ_239" = {
         isa = "PBXSourcesBuildPhase";
         files = (
            "OBJ_240"
         );
      };
      "OBJ_24" = {
         isa = "PBXFileReference";
         path = "DictionaryExtensions.swift";
         sourceTree = "<group>";
      };
      "OBJ_240" = {
         isa = "PBXBuildFile";
         fileRef = "OBJ_6";
      };
      "OBJ_241" = {
         isa = "XCConfigurationList";
         buildConfigurations = (
            "OBJ_242",
            "OBJ_243"
         );
         defaultConfigurationIsVisible = "0";
         defaultConfigurationName = "Release";
      };
      "OBJ_242" = {
         isa = "XCBuildConfiguration";
         buildSettings = {
            DEFINES_MODULE = "NO";
            ENABLE_TESTABILITY = "YES";
            FRAMEWORK_SEARCH_PATHS = (
               "$(inherited)",
               "$(PLATFORM_DIR)/Developer/Library/Frameworks"
            );
            HEADER_SEARCH_PATHS = (
               "$(inherited)",
               "$(SRCROOT)/.build/checkouts/swift-package-manager/Sources/clibc/include"
            );
            INFOPLIST_FILE = "cbeacon.xcodeproj/clibc_Info.plist";
            LD_RUNPATH_SEARCH_PATHS = (
               "$(inherited)",
               "$(TOOLCHAIN_DIR)/usr/lib/swift/macosx"
            );
            OTHER_CFLAGS = (
               "$(inherited)"
            );
            OTHER_LDFLAGS = (
               "$(inherited)"
            );
            OTHER_SWIFT_FLAGS = (
               "$(inherited)"
            );
            PRODUCT_BUNDLE_IDENTIFIER = "clibc";
            PRODUCT_MODULE_NAME = "$(TARGET_NAME:c99extidentifier)";
            PRODUCT_NAME = "$(TARGET_NAME:c99extidentifier)";
            SKIP_INSTALL = "YES";
            SWIFT_ACTIVE_COMPILATION_CONDITIONS = (
               "$(inherited)"
            );
            TARGET_NAME = "clibc";
         };
         name = "Debug";
      };
      "OBJ_243" = {
         isa = "XCBuildConfiguration";
         buildSettings = {
            DEFINES_MODULE = "NO";
            ENABLE_TESTABILITY = "YES";
            FRAMEWORK_SEARCH_PATHS = (
               "$(inherited)",
               "$(PLATFORM_DIR)/Developer/Library/Frameworks"
            );
            HEADER_SEARCH_PATHS = (
               "$(inherited)",
               "$(SRCROOT)/.build/checkouts/swift-package-manager/Sources/clibc/include"
            );
            INFOPLIST_FILE = "cbeacon.xcodeproj/clibc_Info.plist";
            LD_RUNPATH_SEARCH_PATHS = (
               "$(inherited)",
               "$(TOOLCHAIN_DIR)/usr/lib/swift/macosx"
            );
            OTHER_CFLAGS = (
               "$(inherited)"
            );
            OTHER_LDFLAGS = (
               "$(inherited)"
            );
            OTHER_SWIFT_FLAGS = (
               "$(inherited)"
            );
            PRODUCT_BUNDLE_IDENTIFIER = "clibc";
            PRODUCT_MODULE_NAME = "$(TARGET_NAME:c99extidentifier)";
            PRODUCT_NAME = "$(TARGET_NAME:c99extidentifier)";
            SKIP_INSTALL = "YES";
            SWIFT_ACTIVE_COMPILATION_CONDITIONS = (
               "$(inherited)"
            );
            TARGET_NAME = "clibc";
         };
         name = "Release";
      };
      "OBJ_244" = {
         isa = "PBXSourcesBuildPhase";
         files = (
            "OBJ_245"
         );
      };
      "OBJ_245" = {
         isa = "PBXBuildFile";
         fileRef = "OBJ_93";
      };
      "OBJ_246" = {
         isa = "PBXFrameworksBuildPhase";
         files = (
         );
      };
      "OBJ_25" = {
         isa = "PBXFileReference";
         path = "DictionaryLiteralExtensions.swift";
         sourceTree = "<group>";
      };
      "OBJ_26" = {
         isa = "PBXFileReference";
         path = "EditDistance.swift";
         sourceTree = "<group>";
      };
      "OBJ_27" = {
         isa = "PBXFileReference";
         path = "FileInfo.swift";
         sourceTree = "<group>";
      };
      "OBJ_28" = {
         isa = "PBXFileReference";
         path = "FileSystem.swift";
         sourceTree = "<group>";
      };
      "OBJ_29" = {
         isa = "PBXFileReference";
         path = "GraphAlgorithms.swift";
         sourceTree = "<group>";
      };
      "OBJ_3" = {
         isa = "XCBuildConfiguration";
         buildSettings = {
            CLANG_ENABLE_OBJC_ARC = "YES";
            COMBINE_HIDPI_IMAGES = "YES";
            COPY_PHASE_STRIP = "NO";
            DEBUG_INFORMATION_FORMAT = "dwarf";
            DYLIB_INSTALL_NAME_BASE = "@rpath";
            ENABLE_NS_ASSERTIONS = "YES";
            GCC_OPTIMIZATION_LEVEL = "0";
            GCC_PREPROCESSOR_DEFINITIONS = (
               "$(inherited)",
               "SWIFT_PACKAGE=1",
               "DEBUG=1"
            );
            MACOSX_DEPLOYMENT_TARGET = "10.10";
            ONLY_ACTIVE_ARCH = "YES";
            OTHER_SWIFT_FLAGS = (
               "$(inherited)",
               "-DXcode"
            );
            PRODUCT_NAME = "$(TARGET_NAME)";
            SDKROOT = "macosx";
            SUPPORTED_PLATFORMS = (
               "macosx",
               "iphoneos",
               "iphonesimulator",
               "appletvos",
               "appletvsimulator",
               "watchos",
               "watchsimulator"
            );
            SWIFT_ACTIVE_COMPILATION_CONDITIONS = (
               "$(inherited)",
               "SWIFT_PACKAGE",
               "DEBUG"
            );
            SWIFT_OPTIMIZATION_LEVEL = "-Onone";
            USE_HEADERMAP = "NO";
         };
         name = "Debug";
      };
      "OBJ_30" = {
         isa = "PBXFileReference";
         path = "JSON.swift";
         sourceTree = "<group>";
      };
      "OBJ_31" = {
         isa = "PBXFileReference";
         path = "JSONMapper.swift";
         sourceTree = "<group>";
      };
      "OBJ_32" = {
         isa = "PBXFileReference";
         path = "KeyedPair.swift";
         sourceTree = "<group>";
      };
      "OBJ_33" = {
         isa = "PBXFileReference";
         path = "LazyCache.swift";
         sourceTree = "<group>";
      };
      "OBJ_34" = {
         isa = "PBXFileReference";
         path = "Lock.swift";
         sourceTree = "<group>";
      };
      "OBJ_35" = {
         isa = "PBXFileReference";
         path = "ObjectIdentifierProtocol.swift";
         sourceTree = "<group>";
      };
      "OBJ_36" = {
         isa = "PBXFileReference";
         path = "OrderedDictionary.swift";
         sourceTree = "<group>";
      };
      "OBJ_37" = {
         isa = "PBXFileReference";
         path = "OrderedSet.swift";
         sourceTree = "<group>";
      };
      "OBJ_38" = {
         isa = "PBXFileReference";
         path = "OutputByteStream.swift";
         sourceTree = "<group>";
      };
      "OBJ_39" = {
         isa = "PBXFileReference";
         path = "Path.swift";
         sourceTree = "<group>";
      };
      "OBJ_4" = {
         isa = "XCBuildConfiguration";
         buildSettings = {
            CLANG_ENABLE_OBJC_ARC = "YES";
            COMBINE_HIDPI_IMAGES = "YES";
            COPY_PHASE_STRIP = "YES";
            DEBUG_INFORMATION_FORMAT = "dwarf-with-dsym";
            DYLIB_INSTALL_NAME_BASE = "@rpath";
            GCC_OPTIMIZATION_LEVEL = "s";
            GCC_PREPROCESSOR_DEFINITIONS = (
               "$(inherited)",
               "SWIFT_PACKAGE=1"
            );
            MACOSX_DEPLOYMENT_TARGET = "10.10";
            OTHER_SWIFT_FLAGS = (
               "$(inherited)",
               "-DXcode"
            );
            PRODUCT_NAME = "$(TARGET_NAME)";
            SDKROOT = "macosx";
            SUPPORTED_PLATFORMS = (
               "macosx",
               "iphoneos",
               "iphonesimulator",
               "appletvos",
               "appletvsimulator",
               "watchos",
               "watchsimulator"
            );
            SWIFT_ACTIVE_COMPILATION_CONDITIONS = (
               "$(inherited)",
               "SWIFT_PACKAGE"
            );
            SWIFT_OPTIMIZATION_LEVEL = "-Owholemodule";
            USE_HEADERMAP = "NO";
         };
         name = "Release";
      };
      "OBJ_40" = {
         isa = "PBXFileReference";
         path = "PathShims.swift";
         sourceTree = "<group>";
      };
      "OBJ_41" = {
         isa = "PBXFileReference";
         path = "Process.swift";
         sourceTree = "<group>";
      };
      "OBJ_42" = {
         isa = "PBXFileReference";
         path = "ProcessEnv.swift";
         sourceTree = "<group>";
      };
      "OBJ_43" = {
         isa = "PBXFileReference";
         path = "ProcessSet.swift";
         sourceTree = "<group>";
      };
      "OBJ_44" = {
         isa = "PBXFileReference";
         path = "RegEx.swift";
         sourceTree = "<group>";
      };
      "OBJ_45" = {
         isa = "PBXFileReference";
         path = "Result.swift";
         sourceTree = "<group>";
      };
      "OBJ_46" = {
         isa = "PBXFileReference";
         path = "SHA256.swift";
         sourceTree = "<group>";
      };
      "OBJ_47" = {
         isa = "PBXFileReference";
         path = "SortedArray.swift";
         sourceTree = "<group>";
      };
      "OBJ_48" = {
         isa = "PBXFileReference";
         path = "StringConversions.swift";
         sourceTree = "<group>";
      };
      "OBJ_49" = {
         isa = "PBXFileReference";
         path = "SynchronizedQueue.swift";
         sourceTree = "<group>";
      };
      "OBJ_5" = {
         isa = "PBXGroup";
         children = (
            "OBJ_6",
            "OBJ_7",
            "OBJ_11",
            "OBJ_12",
            "OBJ_104",
            "OBJ_110",
            "OBJ_111",
            "OBJ_112",
            "OBJ_113",
            "OBJ_114",
            "OBJ_115",
            "OBJ_116",
            "OBJ_117",
            "OBJ_118"
         );
         path = "";
         sourceTree = "<group>";
      };
      "OBJ_50" = {
         isa = "PBXFileReference";
         path = "TemporaryFile.swift";
         sourceTree = "<group>";
      };
      "OBJ_51" = {
         isa = "PBXFileReference";
         path = "TerminalController.swift";
         sourceTree = "<group>";
      };
      "OBJ_52" = {
         isa = "PBXFileReference";
         path = "Thread.swift";
         sourceTree = "<group>";
      };
      "OBJ_53" = {
         isa = "PBXFileReference";
         path = "Tuple.swift";
         sourceTree = "<group>";
      };
      "OBJ_54" = {
         isa = "PBXFileReference";
         path = "misc.swift";
         sourceTree = "<group>";
      };
      "OBJ_55" = {
         isa = "PBXGroup";
         children = (
         );
         name = "Build";
         path = ".build/checkouts/swift-package-manager/Sources/Build";
         sourceTree = "SOURCE_ROOT";
      };
      "OBJ_56" = {
         isa = "PBXGroup";
         children = (
         );
         name = "Commands";
         path = ".build/checkouts/swift-package-manager/Sources/Commands";
         sourceTree = "SOURCE_ROOT";
      };
      "OBJ_57" = {
         isa = "PBXGroup";
         children = (
         );
         name = "PackageDescription4";
         path = ".build/checkouts/swift-package-manager/Sources/PackageDescription4";
         sourceTree = "SOURCE_ROOT";
      };
      "OBJ_58" = {
         isa = "PBXGroup";
         children = (
         );
         name = "PackageGraph";
         path = ".build/checkouts/swift-package-manager/Sources/PackageGraph";
         sourceTree = "SOURCE_ROOT";
      };
      "OBJ_59" = {
         isa = "PBXGroup";
         children = (
         );
         name = "PackageLoading";
         path = ".build/checkouts/swift-package-manager/Sources/PackageLoading";
         sourceTree = "SOURCE_ROOT";
      };
      "OBJ_6" = {
         isa = "PBXFileReference";
         explicitFileType = "sourcecode.swift";
         path = "Package.swift";
         sourceTree = "<group>";
      };
      "OBJ_60" = {
         isa = "PBXGroup";
         children = (
         );
         name = "PackageModel";
         path = ".build/checkouts/swift-package-manager/Sources/PackageModel";
         sourceTree = "SOURCE_ROOT";
      };
      "OBJ_61" = {
         isa = "PBXGroup";
         children = (
         );
         name = "SPMLLBuild";
         path = ".build/checkouts/swift-package-manager/Sources/SPMLLBuild";
         sourceTree = "SOURCE_ROOT";
      };
      "OBJ_62" = {
         isa = "PBXGroup";
         children = (
            "OBJ_63"
         );
         name = "SPMLibc";
         path = ".build/checkouts/swift-package-manager/Sources/SPMLibc";
         sourceTree = "SOURCE_ROOT";
      };
      "OBJ_63" = {
         isa = "PBXFileReference";
         path = "libc.swift";
         sourceTree = "<group>";
      };
      "OBJ_64" = {
         isa = "PBXGroup";
         children = (
            "OBJ_65",
            "OBJ_66",
            "OBJ_67",
            "OBJ_68",
            "OBJ_69",
            "OBJ_70",
            "OBJ_71",
            "OBJ_72",
            "OBJ_73",
            "OBJ_74",
            "OBJ_75",
            "OBJ_76",
            "OBJ_77",
            "OBJ_78",
            "OBJ_79",
            "OBJ_80",
            "OBJ_81",
            "OBJ_82",
            "OBJ_83",
            "OBJ_84",
            "OBJ_85",
            "OBJ_86"
         );
         name = "SPMUtility";
         path = ".build/checkouts/swift-package-manager/Sources/SPMUtility";
         sourceTree = "SOURCE_ROOT";
      };
      "OBJ_65" = {
         isa = "PBXFileReference";
         path = "ArgumentParser.swift";
         sourceTree = "<group>";
      };
      "OBJ_66" = {
         isa = "PBXFileReference";
         path = "ArgumentParserShellCompletion.swift";
         sourceTree = "<group>";
      };
      "OBJ_67" = {
         isa = "PBXFileReference";
         path = "BuildFlags.swift";
         sourceTree = "<group>";
      };
      "OBJ_68" = {
         isa = "PBXFileReference";
         path = "CollectionExtensions.swift";
         sourceTree = "<group>";
      };
      "OBJ_69" = {
         isa = "PBXFileReference";
         path = "Diagnostics.swift";
         sourceTree = "<group>";
      };
      "OBJ_7" = {
         isa = "PBXGroup";
         children = (
            "OBJ_8"
         );
         name = "Sources";
         path = "";
         sourceTree = "SOURCE_ROOT";
      };
      "OBJ_70" = {
         isa = "PBXFileReference";
         path = "FSWatch.swift";
         sourceTree = "<group>";
      };
      "OBJ_71" = {
         isa = "PBXFileReference";
         path = "Git.swift";
         sourceTree = "<group>";
      };
      "OBJ_72" = {
         isa = "PBXFileReference";
         path = "IndexStore.swift";
         sourceTree = "<group>";
      };
      "OBJ_73" = {
         isa = "PBXFileReference";
         path = "InterruptHandler.swift";
         sourceTree = "<group>";
      };
      "OBJ_74" = {
         isa = "PBXFileReference";
         path = "PkgConfig.swift";
         sourceTree = "<group>";
      };
      "OBJ_75" = {
         isa = "PBXFileReference";
         path = "Platform.swift";
         sourceTree = "<group>";
      };
      "OBJ_76" = {
         isa = "PBXFileReference";
         path = "Process.swift";
         sourceTree = "<group>";
      };
      "OBJ_77" = {
         isa = "PBXFileReference";
         path = "ProgressAnimation.swift";
         sourceTree = "<group>";
      };
      "OBJ_78" = {
         isa = "PBXFileReference";
         path = "SimplePersistence.swift";
         sourceTree = "<group>";
      };
      "OBJ_79" = {
         isa = "PBXFileReference";
         path = "StringExtensions.swift";
         sourceTree = "<group>";
      };
      "OBJ_8" = {
         isa = "PBXGroup";
         children = (
            "OBJ_9",
            "OBJ_10"
         );
         name = "cbeacon";
         path = "Sources/cbeacon";
         sourceTree = "SOURCE_ROOT";
      };
      "OBJ_80" = {
         isa = "PBXFileReference";
         path = "StringMangling.swift";
         sourceTree = "<group>";
      };
      "OBJ_81" = {
         isa = "PBXFileReference";
         path = "URL.swift";
         sourceTree = "<group>";
      };
      "OBJ_82" = {
         isa = "PBXFileReference";
         path = "Verbosity.swift";
         sourceTree = "<group>";
      };
      "OBJ_83" = {
         isa = "PBXFileReference";
         path = "Version.swift";
         sourceTree = "<group>";
      };
      "OBJ_84" = {
         isa = "PBXFileReference";
         path = "Versioning.swift";
         sourceTree = "<group>";
      };
      "OBJ_85" = {
         isa = "PBXFileReference";
         path = "dlopen.swift";
         sourceTree = "<group>";
      };
      "OBJ_86" = {
         isa = "PBXFileReference";
         path = "misc.swift";
         sourceTree = "<group>";
      };
      "OBJ_87" = {
         isa = "PBXGroup";
         children = (
         );
         name = "SourceControl";
         path = ".build/checkouts/swift-package-manager/Sources/SourceControl";
         sourceTree = "SOURCE_ROOT";
      };
      "OBJ_88" = {
         isa = "PBXGroup";
         children = (
         );
         name = "TestSupport";
         path = ".build/checkouts/swift-package-manager/Sources/TestSupport";
         sourceTree = "SOURCE_ROOT";
      };
      "OBJ_89" = {
         isa = "PBXGroup";
         children = (
         );
         name = "TestSupportExecutable";
         path = ".build/checkouts/swift-package-manager/Sources/TestSupportExecutable";
         sourceTree = "SOURCE_ROOT";
      };
      "OBJ_9" = {
         isa = "PBXFileReference";
         path = "BeaconController.swift";
         sourceTree = "<group>";
      };
      "OBJ_90" = {
         isa = "PBXGroup";
         children = (
         );
         name = "Workspace";
         path = ".build/checkouts/swift-package-manager/Sources/Workspace";
         sourceTree = "SOURCE_ROOT";
      };
      "OBJ_91" = {
         isa = "PBXGroup";
         children = (
         );
         name = "Xcodeproj";
         path = ".build/checkouts/swift-package-manager/Sources/Xcodeproj";
         sourceTree = "SOURCE_ROOT";
      };
      "OBJ_92" = {
         isa = "PBXGroup";
         children = (
            "OBJ_93",
            "OBJ_94"
         );
         name = "clibc";
         path = ".build/checkouts/swift-package-manager/Sources/clibc";
         sourceTree = "SOURCE_ROOT";
      };
      "OBJ_93" = {
         isa = "PBXFileReference";
         path = "libc.c";
         sourceTree = "<group>";
      };
      "OBJ_94" = {
         isa = "PBXGroup";
         children = (
            "OBJ_95",
            "OBJ_96",
            "OBJ_97"
         );
         name = "include";
         path = "include";
         sourceTree = "<group>";
      };
      "OBJ_95" = {
         isa = "PBXFileReference";
         path = "clibc.h";
         sourceTree = "<group>";
      };
      "OBJ_96" = {
         isa = "PBXFileReference";
         path = "indexstore_functions.h";
         sourceTree = "<group>";
      };
      "OBJ_97" = {
         isa = "PBXFileReference";
         name = "module.modulemap";
         path = "/Users/ohya/Projects/github/cbeacon/.build/checkouts/swift-package-manager/Sources/clibc/include/module.modulemap";
         sourceTree = "<group>";
      };
      "OBJ_98" = {
         isa = "PBXGroup";
         children = (
         );
         name = "swift-build";
         path = ".build/checkouts/swift-package-manager/Sources/swift-build";
         sourceTree = "SOURCE_ROOT";
      };
      "OBJ_99" = {
         isa = "PBXGroup";
         children = (
         );
         name = "swift-package";
         path = ".build/checkouts/swift-package-manager/Sources/swift-package";
         sourceTree = "SOURCE_ROOT";
      };
      "SwiftPM::Basic" = {
         isa = "PBXNativeTarget";
         buildConfigurationList = "OBJ_120";
         buildPhases = (
            "OBJ_123",
            "OBJ_164"
         );
         dependencies = (
            "OBJ_167",
            "OBJ_169"
         );
         name = "Basic";
         productName = "Basic";
         productReference = "SwiftPM::Basic::Product";
         productType = "com.apple.product-type.framework";
      };
      "SwiftPM::Basic::Product" = {
         isa = "PBXFileReference";
         path = "Basic.framework";
         sourceTree = "BUILT_PRODUCTS_DIR";
      };
      "SwiftPM::SPMLibc" = {
         isa = "PBXNativeTarget";
         buildConfigurationList = "OBJ_171";
         buildPhases = (
            "OBJ_174",
            "OBJ_176"
         );
         dependencies = (
            "OBJ_178"
         );
         name = "SPMLibc";
         productName = "SPMLibc";
         productReference = "SwiftPM::SPMLibc::Product";
         productType = "com.apple.product-type.framework";
      };
      "SwiftPM::SPMLibc::Product" = {
         isa = "PBXFileReference";
         path = "SPMLibc.framework";
         sourceTree = "BUILT_PRODUCTS_DIR";
      };
      "SwiftPM::SPMUtility" = {
         isa = "PBXNativeTarget";
         buildConfigurationList = "OBJ_180";
         buildPhases = (
            "OBJ_183",
            "OBJ_206"
         );
         dependencies = (
            "OBJ_210",
            "OBJ_211",
            "OBJ_212"
         );
         name = "SPMUtility";
         productName = "SPMUtility";
         productReference = "SwiftPM::SPMUtility::Product";
         productType = "com.apple.product-type.framework";
      };
      "SwiftPM::SPMUtility::Product" = {
         isa = "PBXFileReference";
         path = "SPMUtility.framework";
         sourceTree = "BUILT_PRODUCTS_DIR";
      };
      "SwiftPM::SwiftPMPackageDescription" = {
         isa = "PBXNativeTarget";
         buildConfigurationList = "OBJ_214";
         buildPhases = (
            "OBJ_217"
         );
         dependencies = (
         );
         name = "SwiftPMPackageDescription";
         productName = "SwiftPMPackageDescription";
         productType = "com.apple.product-type.framework";
      };
      "SwiftPM::clibc" = {
         isa = "PBXNativeTarget";
         buildConfigurationList = "OBJ_241";
         buildPhases = (
            "OBJ_244",
            "OBJ_246"
         );
         dependencies = (
         );
         name = "clibc";
         productName = "clibc";
         productReference = "SwiftPM::clibc::Product";
         productType = "com.apple.product-type.framework";
      };
      "SwiftPM::clibc::Product" = {
         isa = "PBXFileReference";
         path = "clibc.framework";
         sourceTree = "BUILT_PRODUCTS_DIR";
      };
      "cbeacon::SwiftPMPackageDescription" = {
         isa = "PBXNativeTarget";
         buildConfigurationList = "OBJ_236";
         buildPhases = (
            "OBJ_239"
         );
         dependencies = (
         );
         name = "cbeaconPackageDescription";
         productName = "cbeaconPackageDescription";
         productType = "com.apple.product-type.framework";
      };
      "cbeacon::cbeacon" = {
         isa = "PBXNativeTarget";
         buildConfigurationList = "OBJ_220";
         buildPhases = (
            "OBJ_223",
            "OBJ_226"
         );
         dependencies = (
            "OBJ_231",
            "OBJ_232",
            "OBJ_233",
            "OBJ_234"
         );
         name = "cbeacon";
         productName = "cbeacon";
         productReference = "cbeacon::cbeacon::Product";
         productType = "com.apple.product-type.tool";
      };
      "cbeacon::cbeacon::Product" = {
         isa = "PBXFileReference";
         path = "cbeacon";
         sourceTree = "BUILT_PRODUCTS_DIR";
      };
   };
   rootObject = "OBJ_1";
}
