// !$*UTF8*$!
{
	archiveVersion = 1;
	classes = {
	};
	objectVersion = 46;
	objects = {

/* Begin PBXBuildFile section */
		OBJ_123 /* Await.swift in Sources */ = {isa = PBXBuildFile; fileRef = OBJ_49 /* Await.swift */; };
		OBJ_124 /* ByteString.swift in Sources */ = {isa = PBXBuildFile; fileRef = OBJ_50 /* ByteString.swift */; };
		OBJ_125 /* CStringArray.swift in Sources */ = {isa = PBXBuildFile; fileRef = OBJ_51 /* CStringArray.swift */; };
		OBJ_126 /* CacheableSequence.swift in Sources */ = {isa = PBXBuildFile; fileRef = OBJ_52 /* CacheableSequence.swift */; };
		OBJ_127 /* CollectionAlgorithms.swift in Sources */ = {isa = PBXBuildFile; fileRef = OBJ_53 /* CollectionAlgorithms.swift */; };
		OBJ_128 /* CollectionExtensions.swift in Sources */ = {isa = PBXBuildFile; fileRef = OBJ_54 /* CollectionExtensions.swift */; };
		OBJ_129 /* Condition.swift in Sources */ = {isa = PBXBuildFile; fileRef = OBJ_55 /* Condition.swift */; };
		OBJ_130 /* DeltaAlgorithm.swift in Sources */ = {isa = PBXBuildFile; fileRef = OBJ_56 /* DeltaAlgorithm.swift */; };
		OBJ_131 /* DiagnosticsEngine.swift in Sources */ = {isa = PBXBuildFile; fileRef = OBJ_57 /* DiagnosticsEngine.swift */; };
		OBJ_132 /* DictionaryExtensions.swift in Sources */ = {isa = PBXBuildFile; fileRef = OBJ_58 /* DictionaryExtensions.swift */; };
		OBJ_133 /* DictionaryLiteralExtensions.swift in Sources */ = {isa = PBXBuildFile; fileRef = OBJ_59 /* DictionaryLiteralExtensions.swift */; };
		OBJ_134 /* EditDistance.swift in Sources */ = {isa = PBXBuildFile; fileRef = OBJ_60 /* EditDistance.swift */; };
		OBJ_135 /* FileSystem.swift in Sources */ = {isa = PBXBuildFile; fileRef = OBJ_61 /* FileSystem.swift */; };
		OBJ_136 /* GraphAlgorithms.swift in Sources */ = {isa = PBXBuildFile; fileRef = OBJ_62 /* GraphAlgorithms.swift */; };
		OBJ_137 /* JSON.swift in Sources */ = {isa = PBXBuildFile; fileRef = OBJ_63 /* JSON.swift */; };
		OBJ_138 /* JSONMapper.swift in Sources */ = {isa = PBXBuildFile; fileRef = OBJ_64 /* JSONMapper.swift */; };
		OBJ_139 /* KeyedPair.swift in Sources */ = {isa = PBXBuildFile; fileRef = OBJ_65 /* KeyedPair.swift */; };
		OBJ_140 /* LazyCache.swift in Sources */ = {isa = PBXBuildFile; fileRef = OBJ_66 /* LazyCache.swift */; };
		OBJ_141 /* Lock.swift in Sources */ = {isa = PBXBuildFile; fileRef = OBJ_67 /* Lock.swift */; };
		OBJ_142 /* ObjectIdentifierProtocol.swift in Sources */ = {isa = PBXBuildFile; fileRef = OBJ_68 /* ObjectIdentifierProtocol.swift */; };
		OBJ_143 /* OrderedDictionary.swift in Sources */ = {isa = PBXBuildFile; fileRef = OBJ_69 /* OrderedDictionary.swift */; };
		OBJ_144 /* OrderedSet.swift in Sources */ = {isa = PBXBuildFile; fileRef = OBJ_70 /* OrderedSet.swift */; };
		OBJ_145 /* OutputByteStream.swift in Sources */ = {isa = PBXBuildFile; fileRef = OBJ_71 /* OutputByteStream.swift */; };
		OBJ_146 /* Path.swift in Sources */ = {isa = PBXBuildFile; fileRef = OBJ_72 /* Path.swift */; };
		OBJ_147 /* PathShims.swift in Sources */ = {isa = PBXBuildFile; fileRef = OBJ_73 /* PathShims.swift */; };
		OBJ_148 /* Process.swift in Sources */ = {isa = PBXBuildFile; fileRef = OBJ_74 /* Process.swift */; };
		OBJ_149 /* ProcessSet.swift in Sources */ = {isa = PBXBuildFile; fileRef = OBJ_75 /* ProcessSet.swift */; };
		OBJ_150 /* RegEx.swift in Sources */ = {isa = PBXBuildFile; fileRef = OBJ_76 /* RegEx.swift */; };
		OBJ_151 /* Result.swift in Sources */ = {isa = PBXBuildFile; fileRef = OBJ_77 /* Result.swift */; };
		OBJ_152 /* SHA256.swift in Sources */ = {isa = PBXBuildFile; fileRef = OBJ_78 /* SHA256.swift */; };
		OBJ_153 /* SortedArray.swift in Sources */ = {isa = PBXBuildFile; fileRef = OBJ_79 /* SortedArray.swift */; };
		OBJ_154 /* StringConversions.swift in Sources */ = {isa = PBXBuildFile; fileRef = OBJ_80 /* StringConversions.swift */; };
		OBJ_155 /* SynchronizedQueue.swift in Sources */ = {isa = PBXBuildFile; fileRef = OBJ_81 /* SynchronizedQueue.swift */; };
		OBJ_156 /* TemporaryFile.swift in Sources */ = {isa = PBXBuildFile; fileRef = OBJ_82 /* TemporaryFile.swift */; };
		OBJ_157 /* TerminalController.swift in Sources */ = {isa = PBXBuildFile; fileRef = OBJ_83 /* TerminalController.swift */; };
		OBJ_158 /* Thread.swift in Sources */ = {isa = PBXBuildFile; fileRef = OBJ_84 /* Thread.swift */; };
		OBJ_159 /* Tuple.swift in Sources */ = {isa = PBXBuildFile; fileRef = OBJ_85 /* Tuple.swift */; };
		OBJ_160 /* misc.swift in Sources */ = {isa = PBXBuildFile; fileRef = OBJ_86 /* misc.swift */; };
		OBJ_162 /* POSIX.framework in Frameworks */ = {isa = PBXBuildFile; fileRef = "SwiftPM::POSIX::Product" /* POSIX.framework */; };
		OBJ_163 /* SPMLibc.framework in Frameworks */ = {isa = PBXBuildFile; fileRef = "SwiftPM::SPMLibc::Product" /* SPMLibc.framework */; };
		OBJ_164 /* clibc.framework in Frameworks */ = {isa = PBXBuildFile; fileRef = "SwiftPM::clibc::Product" /* clibc.framework */; };
		OBJ_175 /* Error.swift in Sources */ = {isa = PBXBuildFile; fileRef = OBJ_29 /* Error.swift */; };
		OBJ_176 /* chdir.swift in Sources */ = {isa = PBXBuildFile; fileRef = OBJ_30 /* chdir.swift */; };
		OBJ_177 /* env.swift in Sources */ = {isa = PBXBuildFile; fileRef = OBJ_31 /* env.swift */; };
		OBJ_178 /* exit.swift in Sources */ = {isa = PBXBuildFile; fileRef = OBJ_32 /* exit.swift */; };
		OBJ_179 /* getcwd.swift in Sources */ = {isa = PBXBuildFile; fileRef = OBJ_33 /* getcwd.swift */; };
		OBJ_180 /* isatty.swift in Sources */ = {isa = PBXBuildFile; fileRef = OBJ_34 /* isatty.swift */; };
		OBJ_181 /* readdir.swift in Sources */ = {isa = PBXBuildFile; fileRef = OBJ_35 /* readdir.swift */; };
		OBJ_182 /* realpath.swift in Sources */ = {isa = PBXBuildFile; fileRef = OBJ_36 /* realpath.swift */; };
		OBJ_183 /* rename.swift in Sources */ = {isa = PBXBuildFile; fileRef = OBJ_37 /* rename.swift */; };
		OBJ_184 /* stat.swift in Sources */ = {isa = PBXBuildFile; fileRef = OBJ_38 /* stat.swift */; };
		OBJ_185 /* usleep.swift in Sources */ = {isa = PBXBuildFile; fileRef = OBJ_39 /* usleep.swift */; };
		OBJ_187 /* SPMLibc.framework in Frameworks */ = {isa = PBXBuildFile; fileRef = "SwiftPM::SPMLibc::Product" /* SPMLibc.framework */; };
		OBJ_188 /* clibc.framework in Frameworks */ = {isa = PBXBuildFile; fileRef = "SwiftPM::clibc::Product" /* clibc.framework */; };
		OBJ_195 /* libc.swift in Sources */ = {isa = PBXBuildFile; fileRef = OBJ_88 /* libc.swift */; };
		OBJ_197 /* clibc.framework in Frameworks */ = {isa = PBXBuildFile; fileRef = "SwiftPM::clibc::Product" /* clibc.framework */; };
		OBJ_204 /* Package.swift in Sources */ = {isa = PBXBuildFile; fileRef = OBJ_110 /* Package.swift */; };
		OBJ_210 /* ArgumentParser.swift in Sources */ = {isa = PBXBuildFile; fileRef = OBJ_91 /* ArgumentParser.swift */; };
		OBJ_211 /* ArgumentParserShellCompletion.swift in Sources */ = {isa = PBXBuildFile; fileRef = OBJ_92 /* ArgumentParserShellCompletion.swift */; };
		OBJ_212 /* BuildFlags.swift in Sources */ = {isa = PBXBuildFile; fileRef = OBJ_93 /* BuildFlags.swift */; };
		OBJ_213 /* CollectionExtensions.swift in Sources */ = {isa = PBXBuildFile; fileRef = OBJ_94 /* CollectionExtensions.swift */; };
		OBJ_214 /* Diagnostics.swift in Sources */ = {isa = PBXBuildFile; fileRef = OBJ_95 /* Diagnostics.swift */; };
		OBJ_215 /* Git.swift in Sources */ = {isa = PBXBuildFile; fileRef = OBJ_96 /* Git.swift */; };
		OBJ_216 /* InterruptHandler.swift in Sources */ = {isa = PBXBuildFile; fileRef = OBJ_97 /* InterruptHandler.swift */; };
		OBJ_217 /* PkgConfig.swift in Sources */ = {isa = PBXBuildFile; fileRef = OBJ_98 /* PkgConfig.swift */; };
		OBJ_218 /* Platform.swift in Sources */ = {isa = PBXBuildFile; fileRef = OBJ_99 /* Platform.swift */; };
		OBJ_219 /* Process.swift in Sources */ = {isa = PBXBuildFile; fileRef = OBJ_100 /* Process.swift */; };
		OBJ_220 /* ProgressBar.swift in Sources */ = {isa = PBXBuildFile; fileRef = OBJ_101 /* ProgressBar.swift */; };
		OBJ_221 /* SimplePersistence.swift in Sources */ = {isa = PBXBuildFile; fileRef = OBJ_102 /* SimplePersistence.swift */; };
		OBJ_222 /* StringExtensions.swift in Sources */ = {isa = PBXBuildFile; fileRef = OBJ_103 /* StringExtensions.swift */; };
		OBJ_223 /* StringMangling.swift in Sources */ = {isa = PBXBuildFile; fileRef = OBJ_104 /* StringMangling.swift */; };
		OBJ_224 /* URL.swift in Sources */ = {isa = PBXBuildFile; fileRef = OBJ_105 /* URL.swift */; };
		OBJ_225 /* Verbosity.swift in Sources */ = {isa = PBXBuildFile; fileRef = OBJ_106 /* Verbosity.swift */; };
		OBJ_226 /* Version.swift in Sources */ = {isa = PBXBuildFile; fileRef = OBJ_107 /* Version.swift */; };
		OBJ_227 /* Versioning.swift in Sources */ = {isa = PBXBuildFile; fileRef = OBJ_108 /* Versioning.swift */; };
		OBJ_228 /* misc.swift in Sources */ = {isa = PBXBuildFile; fileRef = OBJ_109 /* misc.swift */; };
		OBJ_230 /* Basic.framework in Frameworks */ = {isa = PBXBuildFile; fileRef = "SwiftPM::Basic::Product" /* Basic.framework */; };
		OBJ_231 /* POSIX.framework in Frameworks */ = {isa = PBXBuildFile; fileRef = "SwiftPM::POSIX::Product" /* POSIX.framework */; };
		OBJ_232 /* SPMLibc.framework in Frameworks */ = {isa = PBXBuildFile; fileRef = "SwiftPM::SPMLibc::Product" /* SPMLibc.framework */; };
		OBJ_233 /* clibc.framework in Frameworks */ = {isa = PBXBuildFile; fileRef = "SwiftPM::clibc::Product" /* clibc.framework */; };
		OBJ_243 /* BeaconController.swift in Sources */ = {isa = PBXBuildFile; fileRef = OBJ_9 /* BeaconController.swift */; };
		OBJ_244 /* main.swift in Sources */ = {isa = PBXBuildFile; fileRef = OBJ_10 /* main.swift */; };
		OBJ_246 /* Utility.framework in Frameworks */ = {isa = PBXBuildFile; fileRef = "SwiftPM::Utility::Product" /* Utility.framework */; };
		OBJ_247 /* Basic.framework in Frameworks */ = {isa = PBXBuildFile; fileRef = "SwiftPM::Basic::Product" /* Basic.framework */; };
		OBJ_248 /* POSIX.framework in Frameworks */ = {isa = PBXBuildFile; fileRef = "SwiftPM::POSIX::Product" /* POSIX.framework */; };
		OBJ_249 /* SPMLibc.framework in Frameworks */ = {isa = PBXBuildFile; fileRef = "SwiftPM::SPMLibc::Product" /* SPMLibc.framework */; };
		OBJ_250 /* clibc.framework in Frameworks */ = {isa = PBXBuildFile; fileRef = "SwiftPM::clibc::Product" /* clibc.framework */; };
		OBJ_261 /* Package.swift in Sources */ = {isa = PBXBuildFile; fileRef = OBJ_6 /* Package.swift */; };
		OBJ_266 /* libc.c in Sources */ = {isa = PBXBuildFile; fileRef = OBJ_16 /* libc.c */; };
/* End PBXBuildFile section */

/* Begin PBXContainerItemProxy section */
		8E4139B021FDB224007C6736 /* PBXContainerItemProxy */ = {
			isa = PBXContainerItemProxy;
			containerPortal = OBJ_1 /* Project object */;
			proxyType = 1;
			remoteGlobalIDString = "SwiftPM::Utility";
			remoteInfo = Utility;
		};
		8E4139B121FDB224007C6736 /* PBXContainerItemProxy */ = {
			isa = PBXContainerItemProxy;
			containerPortal = OBJ_1 /* Project object */;
			proxyType = 1;
			remoteGlobalIDString = "SwiftPM::Basic";
			remoteInfo = Basic;
		};
		8E4139B221FDB224007C6736 /* PBXContainerItemProxy */ = {
			isa = PBXContainerItemProxy;
			containerPortal = OBJ_1 /* Project object */;
			proxyType = 1;
			remoteGlobalIDString = "SwiftPM::POSIX";
			remoteInfo = POSIX;
		};
		8E4139B321FDB224007C6736 /* PBXContainerItemProxy */ = {
			isa = PBXContainerItemProxy;
			containerPortal = OBJ_1 /* Project object */;
			proxyType = 1;
			remoteGlobalIDString = "SwiftPM::SPMLibc";
			remoteInfo = SPMLibc;
		};
		8E4139B421FDB224007C6736 /* PBXContainerItemProxy */ = {
			isa = PBXContainerItemProxy;
			containerPortal = OBJ_1 /* Project object */;
			proxyType = 1;
			remoteGlobalIDString = "SwiftPM::clibc";
			remoteInfo = clibc;
		};
		8E4139B521FDB224007C6736 /* PBXContainerItemProxy */ = {
			isa = PBXContainerItemProxy;
			containerPortal = OBJ_1 /* Project object */;
			proxyType = 1;
			remoteGlobalIDString = "SwiftPM::clibc";
			remoteInfo = clibc;
		};
		8E4139B621FDB224007C6736 /* PBXContainerItemProxy */ = {
			isa = PBXContainerItemProxy;
			containerPortal = OBJ_1 /* Project object */;
			proxyType = 1;
			remoteGlobalIDString = "SwiftPM::SPMLibc";
			remoteInfo = SPMLibc;
		};
		8E4139B721FDB224007C6736 /* PBXContainerItemProxy */ = {
			isa = PBXContainerItemProxy;
			containerPortal = OBJ_1 /* Project object */;
			proxyType = 1;
			remoteGlobalIDString = "SwiftPM::clibc";
			remoteInfo = clibc;
		};
		8E4139B821FDB224007C6736 /* PBXContainerItemProxy */ = {
			isa = PBXContainerItemProxy;
			containerPortal = OBJ_1 /* Project object */;
			proxyType = 1;
			remoteGlobalIDString = "SwiftPM::POSIX";
			remoteInfo = POSIX;
		};
		8E4139B921FDB224007C6736 /* PBXContainerItemProxy */ = {
			isa = PBXContainerItemProxy;
			containerPortal = OBJ_1 /* Project object */;
			proxyType = 1;
			remoteGlobalIDString = "SwiftPM::SPMLibc";
			remoteInfo = SPMLibc;
		};
		8E4139BA21FDB224007C6736 /* PBXContainerItemProxy */ = {
			isa = PBXContainerItemProxy;
			containerPortal = OBJ_1 /* Project object */;
			proxyType = 1;
			remoteGlobalIDString = "SwiftPM::clibc";
			remoteInfo = clibc;
		};
		8E4139BB21FDB224007C6736 /* PBXContainerItemProxy */ = {
			isa = PBXContainerItemProxy;
			containerPortal = OBJ_1 /* Project object */;
			proxyType = 1;
			remoteGlobalIDString = "SwiftPM::Basic";
			remoteInfo = Basic;
		};
		8E4139BC21FDB224007C6736 /* PBXContainerItemProxy */ = {
			isa = PBXContainerItemProxy;
			containerPortal = OBJ_1 /* Project object */;
			proxyType = 1;
			remoteGlobalIDString = "SwiftPM::POSIX";
			remoteInfo = POSIX;
		};
		8E4139BD21FDB224007C6736 /* PBXContainerItemProxy */ = {
			isa = PBXContainerItemProxy;
			containerPortal = OBJ_1 /* Project object */;
			proxyType = 1;
			remoteGlobalIDString = "SwiftPM::SPMLibc";
			remoteInfo = SPMLibc;
		};
		8E4139BE21FDB224007C6736 /* PBXContainerItemProxy */ = {
			isa = PBXContainerItemProxy;
			containerPortal = OBJ_1 /* Project object */;
			proxyType = 1;
			remoteGlobalIDString = "SwiftPM::clibc";
			remoteInfo = clibc;
		};
/* End PBXContainerItemProxy section */

/* Begin PBXFileReference section */
		OBJ_10 /* main.swift */ = {isa = PBXFileReference; lastKnownFileType = sourcecode.swift; path = main.swift; sourceTree = "<group>"; };
		OBJ_100 /* Process.swift */ = {isa = PBXFileReference; lastKnownFileType = sourcecode.swift; path = Process.swift; sourceTree = "<group>"; };
		OBJ_101 /* ProgressBar.swift */ = {isa = PBXFileReference; lastKnownFileType = sourcecode.swift; path = ProgressBar.swift; sourceTree = "<group>"; };
		OBJ_102 /* SimplePersistence.swift */ = {isa = PBXFileReference; lastKnownFileType = sourcecode.swift; path = SimplePersistence.swift; sourceTree = "<group>"; };
		OBJ_103 /* StringExtensions.swift */ = {isa = PBXFileReference; lastKnownFileType = sourcecode.swift; path = StringExtensions.swift; sourceTree = "<group>"; };
		OBJ_104 /* StringMangling.swift */ = {isa = PBXFileReference; lastKnownFileType = sourcecode.swift; path = StringMangling.swift; sourceTree = "<group>"; };
		OBJ_105 /* URL.swift */ = {isa = PBXFileReference; lastKnownFileType = sourcecode.swift; path = URL.swift; sourceTree = "<group>"; };
		OBJ_106 /* Verbosity.swift */ = {isa = PBXFileReference; lastKnownFileType = sourcecode.swift; path = Verbosity.swift; sourceTree = "<group>"; };
		OBJ_107 /* Version.swift */ = {isa = PBXFileReference; lastKnownFileType = sourcecode.swift; path = Version.swift; sourceTree = "<group>"; };
		OBJ_108 /* Versioning.swift */ = {isa = PBXFileReference; lastKnownFileType = sourcecode.swift; path = Versioning.swift; sourceTree = "<group>"; };
		OBJ_109 /* misc.swift */ = {isa = PBXFileReference; lastKnownFileType = sourcecode.swift; path = misc.swift; sourceTree = "<group>"; };
		OBJ_110 /* Package.swift */ = {isa = PBXFileReference; explicitFileType = sourcecode.swift; name = Package.swift; path = "/Users/ohya/Projects/github/cbeacon/.build/checkouts/swift-package-manager.git--1777058171964832481/Package.swift"; sourceTree = "<group>"; };
		OBJ_12 /* man */ = {isa = PBXFileReference; lastKnownFileType = folder; path = man; sourceTree = SOURCE_ROOT; };
		OBJ_16 /* libc.c */ = {isa = PBXFileReference; lastKnownFileType = sourcecode.c.c; path = libc.c; sourceTree = "<group>"; };
		OBJ_18 /* clibc.h */ = {isa = PBXFileReference; lastKnownFileType = sourcecode.c.h; path = clibc.h; sourceTree = "<group>"; };
		OBJ_19 /* module.modulemap */ = {isa = PBXFileReference; lastKnownFileType = "sourcecode.module-map"; name = module.modulemap; path = "/Users/ohya/Projects/github/cbeacon/.build/checkouts/swift-package-manager.git--1777058171964832481/Sources/clibc/include/module.modulemap"; sourceTree = "<group>"; };
		OBJ_29 /* Error.swift */ = {isa = PBXFileReference; lastKnownFileType = sourcecode.swift; path = Error.swift; sourceTree = "<group>"; };
		OBJ_30 /* chdir.swift */ = {isa = PBXFileReference; lastKnownFileType = sourcecode.swift; path = chdir.swift; sourceTree = "<group>"; };
		OBJ_31 /* env.swift */ = {isa = PBXFileReference; lastKnownFileType = sourcecode.swift; path = env.swift; sourceTree = "<group>"; };
		OBJ_32 /* exit.swift */ = {isa = PBXFileReference; lastKnownFileType = sourcecode.swift; path = exit.swift; sourceTree = "<group>"; };
		OBJ_33 /* getcwd.swift */ = {isa = PBXFileReference; lastKnownFileType = sourcecode.swift; path = getcwd.swift; sourceTree = "<group>"; };
		OBJ_34 /* isatty.swift */ = {isa = PBXFileReference; lastKnownFileType = sourcecode.swift; path = isatty.swift; sourceTree = "<group>"; };
		OBJ_35 /* readdir.swift */ = {isa = PBXFileReference; lastKnownFileType = sourcecode.swift; path = readdir.swift; sourceTree = "<group>"; };
		OBJ_36 /* realpath.swift */ = {isa = PBXFileReference; lastKnownFileType = sourcecode.swift; path = realpath.swift; sourceTree = "<group>"; };
		OBJ_37 /* rename.swift */ = {isa = PBXFileReference; lastKnownFileType = sourcecode.swift; path = rename.swift; sourceTree = "<group>"; };
		OBJ_38 /* stat.swift */ = {isa = PBXFileReference; lastKnownFileType = sourcecode.swift; path = stat.swift; sourceTree = "<group>"; };
		OBJ_39 /* usleep.swift */ = {isa = PBXFileReference; lastKnownFileType = sourcecode.swift; path = usleep.swift; sourceTree = "<group>"; };
		OBJ_49 /* Await.swift */ = {isa = PBXFileReference; lastKnownFileType = sourcecode.swift; path = Await.swift; sourceTree = "<group>"; };
		OBJ_50 /* ByteString.swift */ = {isa = PBXFileReference; lastKnownFileType = sourcecode.swift; path = ByteString.swift; sourceTree = "<group>"; };
		OBJ_51 /* CStringArray.swift */ = {isa = PBXFileReference; lastKnownFileType = sourcecode.swift; path = CStringArray.swift; sourceTree = "<group>"; };
		OBJ_52 /* CacheableSequence.swift */ = {isa = PBXFileReference; lastKnownFileType = sourcecode.swift; path = CacheableSequence.swift; sourceTree = "<group>"; };
		OBJ_53 /* CollectionAlgorithms.swift */ = {isa = PBXFileReference; lastKnownFileType = sourcecode.swift; path = CollectionAlgorithms.swift; sourceTree = "<group>"; };
		OBJ_54 /* CollectionExtensions.swift */ = {isa = PBXFileReference; lastKnownFileType = sourcecode.swift; path = CollectionExtensions.swift; sourceTree = "<group>"; };
		OBJ_55 /* Condition.swift */ = {isa = PBXFileReference; lastKnownFileType = sourcecode.swift; path = Condition.swift; sourceTree = "<group>"; };
		OBJ_56 /* DeltaAlgorithm.swift */ = {isa = PBXFileReference; lastKnownFileType = sourcecode.swift; path = DeltaAlgorithm.swift; sourceTree = "<group>"; };
		OBJ_57 /* DiagnosticsEngine.swift */ = {isa = PBXFileReference; lastKnownFileType = sourcecode.swift; path = DiagnosticsEngine.swift; sourceTree = "<group>"; };
		OBJ_58 /* DictionaryExtensions.swift */ = {isa = PBXFileReference; lastKnownFileType = sourcecode.swift; path = DictionaryExtensions.swift; sourceTree = "<group>"; };
		OBJ_59 /* DictionaryLiteralExtensions.swift */ = {isa = PBXFileReference; lastKnownFileType = sourcecode.swift; path = DictionaryLiteralExtensions.swift; sourceTree = "<group>"; };
		OBJ_6 /* Package.swift */ = {isa = PBXFileReference; explicitFileType = sourcecode.swift; path = Package.swift; sourceTree = "<group>"; };
		OBJ_60 /* EditDistance.swift */ = {isa = PBXFileReference; lastKnownFileType = sourcecode.swift; path = EditDistance.swift; sourceTree = "<group>"; };
		OBJ_61 /* FileSystem.swift */ = {isa = PBXFileReference; lastKnownFileType = sourcecode.swift; path = FileSystem.swift; sourceTree = "<group>"; };
		OBJ_62 /* GraphAlgorithms.swift */ = {isa = PBXFileReference; lastKnownFileType = sourcecode.swift; path = GraphAlgorithms.swift; sourceTree = "<group>"; };
		OBJ_63 /* JSON.swift */ = {isa = PBXFileReference; lastKnownFileType = sourcecode.swift; path = JSON.swift; sourceTree = "<group>"; };
		OBJ_64 /* JSONMapper.swift */ = {isa = PBXFileReference; lastKnownFileType = sourcecode.swift; path = JSONMapper.swift; sourceTree = "<group>"; };
		OBJ_65 /* KeyedPair.swift */ = {isa = PBXFileReference; lastKnownFileType = sourcecode.swift; path = KeyedPair.swift; sourceTree = "<group>"; };
		OBJ_66 /* LazyCache.swift */ = {isa = PBXFileReference; lastKnownFileType = sourcecode.swift; path = LazyCache.swift; sourceTree = "<group>"; };
		OBJ_67 /* Lock.swift */ = {isa = PBXFileReference; lastKnownFileType = sourcecode.swift; path = Lock.swift; sourceTree = "<group>"; };
		OBJ_68 /* ObjectIdentifierProtocol.swift */ = {isa = PBXFileReference; lastKnownFileType = sourcecode.swift; path = ObjectIdentifierProtocol.swift; sourceTree = "<group>"; };
		OBJ_69 /* OrderedDictionary.swift */ = {isa = PBXFileReference; lastKnownFileType = sourcecode.swift; path = OrderedDictionary.swift; sourceTree = "<group>"; };
		OBJ_70 /* OrderedSet.swift */ = {isa = PBXFileReference; lastKnownFileType = sourcecode.swift; path = OrderedSet.swift; sourceTree = "<group>"; };
		OBJ_71 /* OutputByteStream.swift */ = {isa = PBXFileReference; lastKnownFileType = sourcecode.swift; path = OutputByteStream.swift; sourceTree = "<group>"; };
		OBJ_72 /* Path.swift */ = {isa = PBXFileReference; lastKnownFileType = sourcecode.swift; path = Path.swift; sourceTree = "<group>"; };
		OBJ_73 /* PathShims.swift */ = {isa = PBXFileReference; lastKnownFileType = sourcecode.swift; path = PathShims.swift; sourceTree = "<group>"; };
		OBJ_74 /* Process.swift */ = {isa = PBXFileReference; lastKnownFileType = sourcecode.swift; path = Process.swift; sourceTree = "<group>"; };
		OBJ_75 /* ProcessSet.swift */ = {isa = PBXFileReference; lastKnownFileType = sourcecode.swift; path = ProcessSet.swift; sourceTree = "<group>"; };
		OBJ_76 /* RegEx.swift */ = {isa = PBXFileReference; lastKnownFileType = sourcecode.swift; path = RegEx.swift; sourceTree = "<group>"; };
		OBJ_77 /* Result.swift */ = {isa = PBXFileReference; lastKnownFileType = sourcecode.swift; path = Result.swift; sourceTree = "<group>"; };
		OBJ_78 /* SHA256.swift */ = {isa = PBXFileReference; lastKnownFileType = sourcecode.swift; path = SHA256.swift; sourceTree = "<group>"; };
		OBJ_79 /* SortedArray.swift */ = {isa = PBXFileReference; lastKnownFileType = sourcecode.swift; path = SortedArray.swift; sourceTree = "<group>"; };
		OBJ_80 /* StringConversions.swift */ = {isa = PBXFileReference; lastKnownFileType = sourcecode.swift; path = StringConversions.swift; sourceTree = "<group>"; };
		OBJ_81 /* SynchronizedQueue.swift */ = {isa = PBXFileReference; lastKnownFileType = sourcecode.swift; path = SynchronizedQueue.swift; sourceTree = "<group>"; };
		OBJ_82 /* TemporaryFile.swift */ = {isa = PBXFileReference; lastKnownFileType = sourcecode.swift; path = TemporaryFile.swift; sourceTree = "<group>"; };
		OBJ_83 /* TerminalController.swift */ = {isa = PBXFileReference; lastKnownFileType = sourcecode.swift; path = TerminalController.swift; sourceTree = "<group>"; };
		OBJ_84 /* Thread.swift */ = {isa = PBXFileReference; lastKnownFileType = sourcecode.swift; path = Thread.swift; sourceTree = "<group>"; };
		OBJ_85 /* Tuple.swift */ = {isa = PBXFileReference; lastKnownFileType = sourcecode.swift; path = Tuple.swift; sourceTree = "<group>"; };
		OBJ_86 /* misc.swift */ = {isa = PBXFileReference; lastKnownFileType = sourcecode.swift; path = misc.swift; sourceTree = "<group>"; };
		OBJ_88 /* libc.swift */ = {isa = PBXFileReference; lastKnownFileType = sourcecode.swift; path = libc.swift; sourceTree = "<group>"; };
		OBJ_9 /* BeaconController.swift */ = {isa = PBXFileReference; lastKnownFileType = sourcecode.swift; path = BeaconController.swift; sourceTree = "<group>"; };
		OBJ_91 /* ArgumentParser.swift */ = {isa = PBXFileReference; lastKnownFileType = sourcecode.swift; path = ArgumentParser.swift; sourceTree = "<group>"; };
		OBJ_92 /* ArgumentParserShellCompletion.swift */ = {isa = PBXFileReference; lastKnownFileType = sourcecode.swift; path = ArgumentParserShellCompletion.swift; sourceTree = "<group>"; };
		OBJ_93 /* BuildFlags.swift */ = {isa = PBXFileReference; lastKnownFileType = sourcecode.swift; path = BuildFlags.swift; sourceTree = "<group>"; };
		OBJ_94 /* CollectionExtensions.swift */ = {isa = PBXFileReference; lastKnownFileType = sourcecode.swift; path = CollectionExtensions.swift; sourceTree = "<group>"; };
		OBJ_95 /* Diagnostics.swift */ = {isa = PBXFileReference; lastKnownFileType = sourcecode.swift; path = Diagnostics.swift; sourceTree = "<group>"; };
		OBJ_96 /* Git.swift */ = {isa = PBXFileReference; lastKnownFileType = sourcecode.swift; path = Git.swift; sourceTree = "<group>"; };
		OBJ_97 /* InterruptHandler.swift */ = {isa = PBXFileReference; lastKnownFileType = sourcecode.swift; path = InterruptHandler.swift; sourceTree = "<group>"; };
		OBJ_98 /* PkgConfig.swift */ = {isa = PBXFileReference; lastKnownFileType = sourcecode.swift; path = PkgConfig.swift; sourceTree = "<group>"; };
		OBJ_99 /* Platform.swift */ = {isa = PBXFileReference; lastKnownFileType = sourcecode.swift; path = Platform.swift; sourceTree = "<group>"; };
		"SwiftPM::Basic::Product" /* Basic.framework */ = {isa = PBXFileReference; lastKnownFileType = wrapper.framework; path = Basic.framework; sourceTree = BUILT_PRODUCTS_DIR; };
		"SwiftPM::POSIX::Product" /* POSIX.framework */ = {isa = PBXFileReference; lastKnownFileType = wrapper.framework; path = POSIX.framework; sourceTree = BUILT_PRODUCTS_DIR; };
		"SwiftPM::SPMLibc::Product" /* SPMLibc.framework */ = {isa = PBXFileReference; lastKnownFileType = wrapper.framework; path = SPMLibc.framework; sourceTree = BUILT_PRODUCTS_DIR; };
		"SwiftPM::Utility::Product" /* Utility.framework */ = {isa = PBXFileReference; lastKnownFileType = wrapper.framework; path = Utility.framework; sourceTree = BUILT_PRODUCTS_DIR; };
		"SwiftPM::clibc::Product" /* clibc.framework */ = {isa = PBXFileReference; lastKnownFileType = wrapper.framework; path = clibc.framework; sourceTree = BUILT_PRODUCTS_DIR; };
		"cbeacon::cbeacon::Product" /* cbeacon */ = {isa = PBXFileReference; lastKnownFileType = text; path = cbeacon; sourceTree = BUILT_PRODUCTS_DIR; };
/* End PBXFileReference section */

/* Begin PBXFrameworksBuildPhase section */
		OBJ_161 /* Frameworks */ = {
			isa = PBXFrameworksBuildPhase;
			buildActionMask = 0;
			files = (
				OBJ_162 /* POSIX.framework in Frameworks */,
				OBJ_163 /* SPMLibc.framework in Frameworks */,
				OBJ_164 /* clibc.framework in Frameworks */,
			);
			runOnlyForDeploymentPostprocessing = 0;
		};
		OBJ_186 /* Frameworks */ = {
			isa = PBXFrameworksBuildPhase;
			buildActionMask = 0;
			files = (
				OBJ_187 /* SPMLibc.framework in Frameworks */,
				OBJ_188 /* clibc.framework in Frameworks */,
			);
			runOnlyForDeploymentPostprocessing = 0;
		};
		OBJ_196 /* Frameworks */ = {
			isa = PBXFrameworksBuildPhase;
			buildActionMask = 0;
			files = (
				OBJ_197 /* clibc.framework in Frameworks */,
			);
			runOnlyForDeploymentPostprocessing = 0;
		};
		OBJ_229 /* Frameworks */ = {
			isa = PBXFrameworksBuildPhase;
			buildActionMask = 0;
			files = (
				OBJ_230 /* Basic.framework in Frameworks */,
				OBJ_231 /* POSIX.framework in Frameworks */,
				OBJ_232 /* SPMLibc.framework in Frameworks */,
				OBJ_233 /* clibc.framework in Frameworks */,
			);
			runOnlyForDeploymentPostprocessing = 0;
		};
		OBJ_245 /* Frameworks */ = {
			isa = PBXFrameworksBuildPhase;
			buildActionMask = 0;
			files = (
				OBJ_246 /* Utility.framework in Frameworks */,
				OBJ_247 /* Basic.framework in Frameworks */,
				OBJ_248 /* POSIX.framework in Frameworks */,
				OBJ_249 /* SPMLibc.framework in Frameworks */,
				OBJ_250 /* clibc.framework in Frameworks */,
			);
			runOnlyForDeploymentPostprocessing = 0;
		};
		OBJ_267 /* Frameworks */ = {
			isa = PBXFrameworksBuildPhase;
			buildActionMask = 0;
			files = (
			);
			runOnlyForDeploymentPostprocessing = 0;
		};
/* End PBXFrameworksBuildPhase section */

/* Begin PBXGroup section */
		OBJ_11 /* Tests */ = {
			isa = PBXGroup;
			children = (
			);
			name = Tests;
			sourceTree = SOURCE_ROOT;
		};
		OBJ_111 /* Products */ = {
			isa = PBXGroup;
			children = (
				"SwiftPM::Basic::Product" /* Basic.framework */,
				"cbeacon::cbeacon::Product" /* cbeacon */,
				"SwiftPM::Utility::Product" /* Utility.framework */,
				"SwiftPM::clibc::Product" /* clibc.framework */,
				"SwiftPM::POSIX::Product" /* POSIX.framework */,
				"SwiftPM::SPMLibc::Product" /* SPMLibc.framework */,
			);
			name = Products;
			sourceTree = BUILT_PRODUCTS_DIR;
		};
		OBJ_13 /* Dependencies */ = {
			isa = PBXGroup;
			children = (
				OBJ_14 /* SwiftPM 0.3.0 */,
			);
			name = Dependencies;
			sourceTree = "<group>";
		};
		OBJ_14 /* SwiftPM 0.3.0 */ = {
			isa = PBXGroup;
			children = (
				OBJ_15 /* clibc */,
				OBJ_20 /* swift-build */,
				OBJ_21 /* Commands */,
				OBJ_22 /* Build */,
				OBJ_23 /* PackageDescription4 */,
				OBJ_24 /* Workspace */,
				OBJ_25 /* SourceControl */,
				OBJ_26 /* TestSupportExecutable */,
				OBJ_27 /* PackageModel */,
				OBJ_28 /* POSIX */,
				OBJ_40 /* swift-package */,
				OBJ_41 /* swift-run */,
				OBJ_42 /* TestSupport */,
				OBJ_43 /* PackageDescription */,
				OBJ_44 /* Xcodeproj */,
				OBJ_45 /* swiftpm-xctest-helper */,
				OBJ_46 /* swift-test */,
				OBJ_47 /* PackageLoading */,
				OBJ_48 /* Basic */,
				OBJ_87 /* SPMLibc */,
				OBJ_89 /* PackageGraph */,
				OBJ_90 /* Utility */,
				OBJ_110 /* Package.swift */,
			);
			name = "SwiftPM 0.3.0";
			sourceTree = SOURCE_ROOT;
		};
		OBJ_15 /* clibc */ = {
			isa = PBXGroup;
			children = (
				OBJ_16 /* libc.c */,
				OBJ_17 /* include */,
			);
			name = clibc;
			path = ".build/checkouts/swift-package-manager.git--1777058171964832481/Sources/clibc";
			sourceTree = SOURCE_ROOT;
		};
		OBJ_17 /* include */ = {
			isa = PBXGroup;
			children = (
				OBJ_18 /* clibc.h */,
				OBJ_19 /* module.modulemap */,
			);
			path = include;
			sourceTree = "<group>";
		};
		OBJ_20 /* swift-build */ = {
			isa = PBXGroup;
			children = (
			);
			name = "swift-build";
			path = ".build/checkouts/swift-package-manager.git--1777058171964832481/Sources/swift-build";
			sourceTree = SOURCE_ROOT;
		};
		OBJ_21 /* Commands */ = {
			isa = PBXGroup;
			children = (
			);
			name = Commands;
			path = ".build/checkouts/swift-package-manager.git--1777058171964832481/Sources/Commands";
			sourceTree = SOURCE_ROOT;
		};
		OBJ_22 /* Build */ = {
			isa = PBXGroup;
			children = (
			);
			name = Build;
			path = ".build/checkouts/swift-package-manager.git--1777058171964832481/Sources/Build";
			sourceTree = SOURCE_ROOT;
		};
		OBJ_23 /* PackageDescription4 */ = {
			isa = PBXGroup;
			children = (
			);
			name = PackageDescription4;
			path = ".build/checkouts/swift-package-manager.git--1777058171964832481/Sources/PackageDescription4";
			sourceTree = SOURCE_ROOT;
		};
		OBJ_24 /* Workspace */ = {
			isa = PBXGroup;
			children = (
			);
			name = Workspace;
			path = ".build/checkouts/swift-package-manager.git--1777058171964832481/Sources/Workspace";
			sourceTree = SOURCE_ROOT;
		};
		OBJ_25 /* SourceControl */ = {
			isa = PBXGroup;
			children = (
			);
			name = SourceControl;
			path = ".build/checkouts/swift-package-manager.git--1777058171964832481/Sources/SourceControl";
			sourceTree = SOURCE_ROOT;
		};
		OBJ_26 /* TestSupportExecutable */ = {
			isa = PBXGroup;
			children = (
			);
			name = TestSupportExecutable;
			path = ".build/checkouts/swift-package-manager.git--1777058171964832481/Sources/TestSupportExecutable";
			sourceTree = SOURCE_ROOT;
		};
		OBJ_27 /* PackageModel */ = {
			isa = PBXGroup;
			children = (
			);
			name = PackageModel;
			path = ".build/checkouts/swift-package-manager.git--1777058171964832481/Sources/PackageModel";
			sourceTree = SOURCE_ROOT;
		};
		OBJ_28 /* POSIX */ = {
			isa = PBXGroup;
			children = (
				OBJ_29 /* Error.swift */,
				OBJ_30 /* chdir.swift */,
				OBJ_31 /* env.swift */,
				OBJ_32 /* exit.swift */,
				OBJ_33 /* getcwd.swift */,
				OBJ_34 /* isatty.swift */,
				OBJ_35 /* readdir.swift */,
				OBJ_36 /* realpath.swift */,
				OBJ_37 /* rename.swift */,
				OBJ_38 /* stat.swift */,
				OBJ_39 /* usleep.swift */,
			);
			name = POSIX;
			path = ".build/checkouts/swift-package-manager.git--1777058171964832481/Sources/POSIX";
			sourceTree = SOURCE_ROOT;
		};
		OBJ_40 /* swift-package */ = {
			isa = PBXGroup;
			children = (
			);
			name = "swift-package";
			path = ".build/checkouts/swift-package-manager.git--1777058171964832481/Sources/swift-package";
			sourceTree = SOURCE_ROOT;
		};
		OBJ_41 /* swift-run */ = {
			isa = PBXGroup;
			children = (
			);
			name = "swift-run";
			path = ".build/checkouts/swift-package-manager.git--1777058171964832481/Sources/swift-run";
			sourceTree = SOURCE_ROOT;
		};
		OBJ_42 /* TestSupport */ = {
			isa = PBXGroup;
			children = (
			);
			name = TestSupport;
			path = ".build/checkouts/swift-package-manager.git--1777058171964832481/Sources/TestSupport";
			sourceTree = SOURCE_ROOT;
		};
		OBJ_43 /* PackageDescription */ = {
			isa = PBXGroup;
			children = (
			);
			name = PackageDescription;
			path = ".build/checkouts/swift-package-manager.git--1777058171964832481/Sources/PackageDescription";
			sourceTree = SOURCE_ROOT;
		};
		OBJ_44 /* Xcodeproj */ = {
			isa = PBXGroup;
			children = (
			);
			name = Xcodeproj;
			path = ".build/checkouts/swift-package-manager.git--1777058171964832481/Sources/Xcodeproj";
			sourceTree = SOURCE_ROOT;
		};
		OBJ_45 /* swiftpm-xctest-helper */ = {
			isa = PBXGroup;
			children = (
			);
			name = "swiftpm-xctest-helper";
			path = ".build/checkouts/swift-package-manager.git--1777058171964832481/Sources/swiftpm-xctest-helper";
			sourceTree = SOURCE_ROOT;
		};
		OBJ_46 /* swift-test */ = {
			isa = PBXGroup;
			children = (
			);
			name = "swift-test";
			path = ".build/checkouts/swift-package-manager.git--1777058171964832481/Sources/swift-test";
			sourceTree = SOURCE_ROOT;
		};
		OBJ_47 /* PackageLoading */ = {
			isa = PBXGroup;
			children = (
			);
			name = PackageLoading;
			path = ".build/checkouts/swift-package-manager.git--1777058171964832481/Sources/PackageLoading";
			sourceTree = SOURCE_ROOT;
		};
		OBJ_48 /* Basic */ = {
			isa = PBXGroup;
			children = (
				OBJ_49 /* Await.swift */,
				OBJ_50 /* ByteString.swift */,
				OBJ_51 /* CStringArray.swift */,
				OBJ_52 /* CacheableSequence.swift */,
				OBJ_53 /* CollectionAlgorithms.swift */,
				OBJ_54 /* CollectionExtensions.swift */,
				OBJ_55 /* Condition.swift */,
				OBJ_56 /* DeltaAlgorithm.swift */,
				OBJ_57 /* DiagnosticsEngine.swift */,
				OBJ_58 /* DictionaryExtensions.swift */,
				OBJ_59 /* DictionaryLiteralExtensions.swift */,
				OBJ_60 /* EditDistance.swift */,
				OBJ_61 /* FileSystem.swift */,
				OBJ_62 /* GraphAlgorithms.swift */,
				OBJ_63 /* JSON.swift */,
				OBJ_64 /* JSONMapper.swift */,
				OBJ_65 /* KeyedPair.swift */,
				OBJ_66 /* LazyCache.swift */,
				OBJ_67 /* Lock.swift */,
				OBJ_68 /* ObjectIdentifierProtocol.swift */,
				OBJ_69 /* OrderedDictionary.swift */,
				OBJ_70 /* OrderedSet.swift */,
				OBJ_71 /* OutputByteStream.swift */,
				OBJ_72 /* Path.swift */,
				OBJ_73 /* PathShims.swift */,
				OBJ_74 /* Process.swift */,
				OBJ_75 /* ProcessSet.swift */,
				OBJ_76 /* RegEx.swift */,
				OBJ_77 /* Result.swift */,
				OBJ_78 /* SHA256.swift */,
				OBJ_79 /* SortedArray.swift */,
				OBJ_80 /* StringConversions.swift */,
				OBJ_81 /* SynchronizedQueue.swift */,
				OBJ_82 /* TemporaryFile.swift */,
				OBJ_83 /* TerminalController.swift */,
				OBJ_84 /* Thread.swift */,
				OBJ_85 /* Tuple.swift */,
				OBJ_86 /* misc.swift */,
			);
			name = Basic;
			path = ".build/checkouts/swift-package-manager.git--1777058171964832481/Sources/Basic";
			sourceTree = SOURCE_ROOT;
		};
		OBJ_5 /*  */ = {
			isa = PBXGroup;
			children = (
				OBJ_6 /* Package.swift */,
				OBJ_7 /* Sources */,
				OBJ_11 /* Tests */,
				OBJ_12 /* man */,
				OBJ_13 /* Dependencies */,
				OBJ_111 /* Products */,
			);
			name = "";
			sourceTree = "<group>";
		};
		OBJ_7 /* Sources */ = {
			isa = PBXGroup;
			children = (
				OBJ_8 /* cbeacon */,
			);
			name = Sources;
			sourceTree = SOURCE_ROOT;
		};
		OBJ_8 /* cbeacon */ = {
			isa = PBXGroup;
			children = (
				OBJ_9 /* BeaconController.swift */,
				OBJ_10 /* main.swift */,
			);
			name = cbeacon;
			path = Sources/cbeacon;
			sourceTree = SOURCE_ROOT;
		};
		OBJ_87 /* SPMLibc */ = {
			isa = PBXGroup;
			children = (
				OBJ_88 /* libc.swift */,
			);
			name = SPMLibc;
			path = ".build/checkouts/swift-package-manager.git--1777058171964832481/Sources/SPMLibc";
			sourceTree = SOURCE_ROOT;
		};
		OBJ_89 /* PackageGraph */ = {
			isa = PBXGroup;
			children = (
			);
			name = PackageGraph;
			path = ".build/checkouts/swift-package-manager.git--1777058171964832481/Sources/PackageGraph";
			sourceTree = SOURCE_ROOT;
		};
		OBJ_90 /* Utility */ = {
			isa = PBXGroup;
			children = (
				OBJ_91 /* ArgumentParser.swift */,
				OBJ_92 /* ArgumentParserShellCompletion.swift */,
				OBJ_93 /* BuildFlags.swift */,
				OBJ_94 /* CollectionExtensions.swift */,
				OBJ_95 /* Diagnostics.swift */,
				OBJ_96 /* Git.swift */,
				OBJ_97 /* InterruptHandler.swift */,
				OBJ_98 /* PkgConfig.swift */,
				OBJ_99 /* Platform.swift */,
				OBJ_100 /* Process.swift */,
				OBJ_101 /* ProgressBar.swift */,
				OBJ_102 /* SimplePersistence.swift */,
				OBJ_103 /* StringExtensions.swift */,
				OBJ_104 /* StringMangling.swift */,
				OBJ_105 /* URL.swift */,
				OBJ_106 /* Verbosity.swift */,
				OBJ_107 /* Version.swift */,
				OBJ_108 /* Versioning.swift */,
				OBJ_109 /* misc.swift */,
			);
			name = Utility;
			path = ".build/checkouts/swift-package-manager.git--1777058171964832481/Sources/Utility";
			sourceTree = SOURCE_ROOT;
		};
/* End PBXGroup section */

/* Begin PBXNativeTarget section */
		"SwiftPM::Basic" /* Basic */ = {
			isa = PBXNativeTarget;
			buildConfigurationList = OBJ_119 /* Build configuration list for PBXNativeTarget "Basic" */;
			buildPhases = (
				OBJ_122 /* Sources */,
				OBJ_161 /* Frameworks */,
			);
			buildRules = (
			);
			dependencies = (
				OBJ_165 /* PBXTargetDependency */,
				OBJ_167 /* PBXTargetDependency */,
				OBJ_169 /* PBXTargetDependency */,
			);
			name = Basic;
			productName = Basic;
			productReference = "SwiftPM::Basic::Product" /* Basic.framework */;
			productType = "com.apple.product-type.framework";
		};
		"SwiftPM::POSIX" /* POSIX */ = {
			isa = PBXNativeTarget;
			buildConfigurationList = OBJ_171 /* Build configuration list for PBXNativeTarget "POSIX" */;
			buildPhases = (
				OBJ_174 /* Sources */,
				OBJ_186 /* Frameworks */,
			);
			buildRules = (
			);
			dependencies = (
				OBJ_189 /* PBXTargetDependency */,
				OBJ_190 /* PBXTargetDependency */,
			);
			name = POSIX;
			productName = POSIX;
			productReference = "SwiftPM::POSIX::Product" /* POSIX.framework */;
			productType = "com.apple.product-type.framework";
		};
		"SwiftPM::SPMLibc" /* SPMLibc */ = {
			isa = PBXNativeTarget;
			buildConfigurationList = OBJ_191 /* Build configuration list for PBXNativeTarget "SPMLibc" */;
			buildPhases = (
				OBJ_194 /* Sources */,
				OBJ_196 /* Frameworks */,
			);
			buildRules = (
			);
			dependencies = (
				OBJ_198 /* PBXTargetDependency */,
			);
			name = SPMLibc;
			productName = SPMLibc;
			productReference = "SwiftPM::SPMLibc::Product" /* SPMLibc.framework */;
			productType = "com.apple.product-type.framework";
		};
		"SwiftPM::SwiftPMPackageDescription" /* SwiftPMPackageDescription */ = {
			isa = PBXNativeTarget;
			buildConfigurationList = OBJ_200 /* Build configuration list for PBXNativeTarget "SwiftPMPackageDescription" */;
			buildPhases = (
				OBJ_203 /* Sources */,
			);
			buildRules = (
			);
			dependencies = (
			);
			name = SwiftPMPackageDescription;
			productName = SwiftPMPackageDescription;
			productType = "com.apple.product-type.framework";
		};
		"SwiftPM::Utility" /* Utility */ = {
			isa = PBXNativeTarget;
			buildConfigurationList = OBJ_206 /* Build configuration list for PBXNativeTarget "Utility" */;
			buildPhases = (
				OBJ_209 /* Sources */,
				OBJ_229 /* Frameworks */,
			);
			buildRules = (
			);
			dependencies = (
				OBJ_234 /* PBXTargetDependency */,
				OBJ_235 /* PBXTargetDependency */,
				OBJ_236 /* PBXTargetDependency */,
				OBJ_237 /* PBXTargetDependency */,
			);
			name = Utility;
			productName = Utility;
			productReference = "SwiftPM::Utility::Product" /* Utility.framework */;
			productType = "com.apple.product-type.framework";
		};
		"SwiftPM::clibc" /* clibc */ = {
			isa = PBXNativeTarget;
			buildConfigurationList = OBJ_262 /* Build configuration list for PBXNativeTarget "clibc" */;
			buildPhases = (
				OBJ_265 /* Sources */,
				OBJ_267 /* Frameworks */,
			);
			buildRules = (
			);
			dependencies = (
			);
			name = clibc;
			productName = clibc;
			productReference = "SwiftPM::clibc::Product" /* clibc.framework */;
			productType = "com.apple.product-type.framework";
		};
		"cbeacon::SwiftPMPackageDescription" /* cbeaconPackageDescription */ = {
			isa = PBXNativeTarget;
			buildConfigurationList = OBJ_257 /* Build configuration list for PBXNativeTarget "cbeaconPackageDescription" */;
			buildPhases = (
				OBJ_260 /* Sources */,
			);
			buildRules = (
			);
			dependencies = (
			);
			name = cbeaconPackageDescription;
			productName = cbeaconPackageDescription;
			productType = "com.apple.product-type.framework";
		};
		"cbeacon::cbeacon" /* cbeacon */ = {
			isa = PBXNativeTarget;
			buildConfigurationList = OBJ_239 /* Build configuration list for PBXNativeTarget "cbeacon" */;
			buildPhases = (
				OBJ_242 /* Sources */,
				OBJ_245 /* Frameworks */,
			);
			buildRules = (
			);
			dependencies = (
				OBJ_251 /* PBXTargetDependency */,
				OBJ_252 /* PBXTargetDependency */,
				OBJ_253 /* PBXTargetDependency */,
				OBJ_254 /* PBXTargetDependency */,
				OBJ_255 /* PBXTargetDependency */,
			);
			name = cbeacon;
			productName = cbeacon;
			productReference = "cbeacon::cbeacon::Product" /* cbeacon */;
			productType = "com.apple.product-type.tool";
		};
/* End PBXNativeTarget section */

/* Begin PBXProject section */
		OBJ_1 /* Project object */ = {
			isa = PBXProject;
			attributes = {
				LastUpgradeCheck = 9999;
			};
			buildConfigurationList = OBJ_2 /* Build configuration list for PBXProject "cbeacon" */;
			compatibilityVersion = "Xcode 3.2";
			developmentRegion = English;
			hasScannedForEncodings = 0;
			knownRegions = (
				en,
			);
			mainGroup = OBJ_5 /*  */;
			productRefGroup = OBJ_111 /* Products */;
			projectDirPath = "";
			projectRoot = "";
			targets = (
				"SwiftPM::Basic" /* Basic */,
				"SwiftPM::POSIX" /* POSIX */,
				"SwiftPM::SPMLibc" /* SPMLibc */,
				"SwiftPM::SwiftPMPackageDescription" /* SwiftPMPackageDescription */,
				"SwiftPM::Utility" /* Utility */,
				"cbeacon::cbeacon" /* cbeacon */,
				"cbeacon::SwiftPMPackageDescription" /* cbeaconPackageDescription */,
				"SwiftPM::clibc" /* clibc */,
			);
		};
/* End PBXProject section */

/* Begin PBXSourcesBuildPhase section */
		OBJ_122 /* Sources */ = {
			isa = PBXSourcesBuildPhase;
			buildActionMask = 0;
			files = (
				OBJ_123 /* Await.swift in Sources */,
				OBJ_124 /* ByteString.swift in Sources */,
				OBJ_125 /* CStringArray.swift in Sources */,
				OBJ_126 /* CacheableSequence.swift in Sources */,
				OBJ_127 /* CollectionAlgorithms.swift in Sources */,
				OBJ_128 /* CollectionExtensions.swift in Sources */,
				OBJ_129 /* Condition.swift in Sources */,
				OBJ_130 /* DeltaAlgorithm.swift in Sources */,
				OBJ_131 /* DiagnosticsEngine.swift in Sources */,
				OBJ_132 /* DictionaryExtensions.swift in Sources */,
				OBJ_133 /* DictionaryLiteralExtensions.swift in Sources */,
				OBJ_134 /* EditDistance.swift in Sources */,
				OBJ_135 /* FileSystem.swift in Sources */,
				OBJ_136 /* GraphAlgorithms.swift in Sources */,
				OBJ_137 /* JSON.swift in Sources */,
				OBJ_138 /* JSONMapper.swift in Sources */,
				OBJ_139 /* KeyedPair.swift in Sources */,
				OBJ_140 /* LazyCache.swift in Sources */,
				OBJ_141 /* Lock.swift in Sources */,
				OBJ_142 /* ObjectIdentifierProtocol.swift in Sources */,
				OBJ_143 /* OrderedDictionary.swift in Sources */,
				OBJ_144 /* OrderedSet.swift in Sources */,
				OBJ_145 /* OutputByteStream.swift in Sources */,
				OBJ_146 /* Path.swift in Sources */,
				OBJ_147 /* PathShims.swift in Sources */,
				OBJ_148 /* Process.swift in Sources */,
				OBJ_149 /* ProcessSet.swift in Sources */,
				OBJ_150 /* RegEx.swift in Sources */,
				OBJ_151 /* Result.swift in Sources */,
				OBJ_152 /* SHA256.swift in Sources */,
				OBJ_153 /* SortedArray.swift in Sources */,
				OBJ_154 /* StringConversions.swift in Sources */,
				OBJ_155 /* SynchronizedQueue.swift in Sources */,
				OBJ_156 /* TemporaryFile.swift in Sources */,
				OBJ_157 /* TerminalController.swift in Sources */,
				OBJ_158 /* Thread.swift in Sources */,
				OBJ_159 /* Tuple.swift in Sources */,
				OBJ_160 /* misc.swift in Sources */,
			);
			runOnlyForDeploymentPostprocessing = 0;
		};
		OBJ_174 /* Sources */ = {
			isa = PBXSourcesBuildPhase;
			buildActionMask = 0;
			files = (
				OBJ_175 /* Error.swift in Sources */,
				OBJ_176 /* chdir.swift in Sources */,
				OBJ_177 /* env.swift in Sources */,
				OBJ_178 /* exit.swift in Sources */,
				OBJ_179 /* getcwd.swift in Sources */,
				OBJ_180 /* isatty.swift in Sources */,
				OBJ_181 /* readdir.swift in Sources */,
				OBJ_182 /* realpath.swift in Sources */,
				OBJ_183 /* rename.swift in Sources */,
				OBJ_184 /* stat.swift in Sources */,
				OBJ_185 /* usleep.swift in Sources */,
			);
			runOnlyForDeploymentPostprocessing = 0;
		};
		OBJ_194 /* Sources */ = {
			isa = PBXSourcesBuildPhase;
			buildActionMask = 0;
			files = (
				OBJ_195 /* libc.swift in Sources */,
			);
			runOnlyForDeploymentPostprocessing = 0;
		};
		OBJ_203 /* Sources */ = {
			isa = PBXSourcesBuildPhase;
			buildActionMask = 0;
			files = (
				OBJ_204 /* Package.swift in Sources */,
			);
			runOnlyForDeploymentPostprocessing = 0;
		};
		OBJ_209 /* Sources */ = {
			isa = PBXSourcesBuildPhase;
			buildActionMask = 0;
			files = (
				OBJ_210 /* ArgumentParser.swift in Sources */,
				OBJ_211 /* ArgumentParserShellCompletion.swift in Sources */,
				OBJ_212 /* BuildFlags.swift in Sources */,
				OBJ_213 /* CollectionExtensions.swift in Sources */,
				OBJ_214 /* Diagnostics.swift in Sources */,
				OBJ_215 /* Git.swift in Sources */,
				OBJ_216 /* InterruptHandler.swift in Sources */,
				OBJ_217 /* PkgConfig.swift in Sources */,
				OBJ_218 /* Platform.swift in Sources */,
				OBJ_219 /* Process.swift in Sources */,
				OBJ_220 /* ProgressBar.swift in Sources */,
				OBJ_221 /* SimplePersistence.swift in Sources */,
				OBJ_222 /* StringExtensions.swift in Sources */,
				OBJ_223 /* StringMangling.swift in Sources */,
				OBJ_224 /* URL.swift in Sources */,
				OBJ_225 /* Verbosity.swift in Sources */,
				OBJ_226 /* Version.swift in Sources */,
				OBJ_227 /* Versioning.swift in Sources */,
				OBJ_228 /* misc.swift in Sources */,
			);
			runOnlyForDeploymentPostprocessing = 0;
		};
		OBJ_242 /* Sources */ = {
			isa = PBXSourcesBuildPhase;
			buildActionMask = 0;
			files = (
				OBJ_243 /* BeaconController.swift in Sources */,
				OBJ_244 /* main.swift in Sources */,
			);
			runOnlyForDeploymentPostprocessing = 0;
		};
		OBJ_260 /* Sources */ = {
			isa = PBXSourcesBuildPhase;
			buildActionMask = 0;
			files = (
				OBJ_261 /* Package.swift in Sources */,
			);
			runOnlyForDeploymentPostprocessing = 0;
		};
		OBJ_265 /* Sources */ = {
			isa = PBXSourcesBuildPhase;
			buildActionMask = 0;
			files = (
				OBJ_266 /* libc.c in Sources */,
			);
			runOnlyForDeploymentPostprocessing = 0;
		};
/* End PBXSourcesBuildPhase section */

/* Begin PBXTargetDependency section */
		OBJ_165 /* PBXTargetDependency */ = {
			isa = PBXTargetDependency;
			target = "SwiftPM::POSIX" /* POSIX */;
			targetProxy = 8E4139B221FDB224007C6736 /* PBXContainerItemProxy */;
		};
		OBJ_167 /* PBXTargetDependency */ = {
			isa = PBXTargetDependency;
			target = "SwiftPM::SPMLibc" /* SPMLibc */;
			targetProxy = 8E4139B621FDB224007C6736 /* PBXContainerItemProxy */;
		};
		OBJ_169 /* PBXTargetDependency */ = {
			isa = PBXTargetDependency;
			target = "SwiftPM::clibc" /* clibc */;
			targetProxy = 8E4139B721FDB224007C6736 /* PBXContainerItemProxy */;
		};
		OBJ_189 /* PBXTargetDependency */ = {
			isa = PBXTargetDependency;
			target = "SwiftPM::SPMLibc" /* SPMLibc */;
			targetProxy = 8E4139B321FDB224007C6736 /* PBXContainerItemProxy */;
		};
		OBJ_190 /* PBXTargetDependency */ = {
			isa = PBXTargetDependency;
			target = "SwiftPM::clibc" /* clibc */;
			targetProxy = 8E4139B521FDB224007C6736 /* PBXContainerItemProxy */;
		};
		OBJ_198 /* PBXTargetDependency */ = {
			isa = PBXTargetDependency;
			target = "SwiftPM::clibc" /* clibc */;
			targetProxy = 8E4139B421FDB224007C6736 /* PBXContainerItemProxy */;
		};
		OBJ_234 /* PBXTargetDependency */ = {
			isa = PBXTargetDependency;
			target = "SwiftPM::Basic" /* Basic */;
			targetProxy = 8E4139B121FDB224007C6736 /* PBXContainerItemProxy */;
		};
		OBJ_235 /* PBXTargetDependency */ = {
			isa = PBXTargetDependency;
			target = "SwiftPM::POSIX" /* POSIX */;
			targetProxy = 8E4139B821FDB224007C6736 /* PBXContainerItemProxy */;
		};
		OBJ_236 /* PBXTargetDependency */ = {
			isa = PBXTargetDependency;
			target = "SwiftPM::SPMLibc" /* SPMLibc */;
			targetProxy = 8E4139B921FDB224007C6736 /* PBXContainerItemProxy */;
		};
		OBJ_237 /* PBXTargetDependency */ = {
			isa = PBXTargetDependency;
			target = "SwiftPM::clibc" /* clibc */;
			targetProxy = 8E4139BA21FDB224007C6736 /* PBXContainerItemProxy */;
		};
		OBJ_251 /* PBXTargetDependency */ = {
			isa = PBXTargetDependency;
			target = "SwiftPM::Utility" /* Utility */;
			targetProxy = 8E4139B021FDB224007C6736 /* PBXContainerItemProxy */;
		};
		OBJ_252 /* PBXTargetDependency */ = {
			isa = PBXTargetDependency;
			target = "SwiftPM::Basic" /* Basic */;
			targetProxy = 8E4139BB21FDB224007C6736 /* PBXContainerItemProxy */;
		};
		OBJ_253 /* PBXTargetDependency */ = {
			isa = PBXTargetDependency;
			target = "SwiftPM::POSIX" /* POSIX */;
			targetProxy = 8E4139BC21FDB224007C6736 /* PBXContainerItemProxy */;
		};
		OBJ_254 /* PBXTargetDependency */ = {
			isa = PBXTargetDependency;
			target = "SwiftPM::SPMLibc" /* SPMLibc */;
			targetProxy = 8E4139BD21FDB224007C6736 /* PBXContainerItemProxy */;
		};
		OBJ_255 /* PBXTargetDependency */ = {
			isa = PBXTargetDependency;
			target = "SwiftPM::clibc" /* clibc */;
			targetProxy = 8E4139BE21FDB224007C6736 /* PBXContainerItemProxy */;
		};
/* End PBXTargetDependency section */

/* Begin XCBuildConfiguration section */
		OBJ_120 /* Debug */ = {
			isa = XCBuildConfiguration;
			buildSettings = {
				ENABLE_TESTABILITY = YES;
				FRAMEWORK_SEARCH_PATHS = (
					"$(inherited)",
					"$(PLATFORM_DIR)/Developer/Library/Frameworks",
				);
				HEADER_SEARCH_PATHS = (
					"$(inherited)",
					"$(SRCROOT)/.build/checkouts/swift-package-manager.git--1777058171964832481/Sources/clibc/include",
				);
				INFOPLIST_FILE = cbeacon.xcodeproj/Basic_Info.plist;
				LD_RUNPATH_SEARCH_PATHS = "$(inherited) $(TOOLCHAIN_DIR)/usr/lib/swift/macosx";
				OTHER_CFLAGS = "$(inherited)";
				OTHER_LDFLAGS = "$(inherited)";
				OTHER_SWIFT_FLAGS = "$(inherited) -Xcc -fmodule-map-file=$(SRCROOT)/.build/checkouts/swift-package-manager.git--1777058171964832481/Sources/clibc/include/module.modulemap";
				PRODUCT_BUNDLE_IDENTIFIER = Basic;
				PRODUCT_MODULE_NAME = "$(TARGET_NAME:c99extidentifier)";
				PRODUCT_NAME = "$(TARGET_NAME:c99extidentifier)";
				SKIP_INSTALL = YES;
				SWIFT_ACTIVE_COMPILATION_CONDITIONS = "$(inherited)";
				SWIFT_VERSION = 4.0;
				TARGET_NAME = Basic;
			};
			name = Debug;
		};
		OBJ_121 /* Release */ = {
			isa = XCBuildConfiguration;
			buildSettings = {
				ENABLE_TESTABILITY = YES;
				FRAMEWORK_SEARCH_PATHS = (
					"$(inherited)",
					"$(PLATFORM_DIR)/Developer/Library/Frameworks",
				);
				HEADER_SEARCH_PATHS = (
					"$(inherited)",
					"$(SRCROOT)/.build/checkouts/swift-package-manager.git--1777058171964832481/Sources/clibc/include",
				);
				INFOPLIST_FILE = cbeacon.xcodeproj/Basic_Info.plist;
				LD_RUNPATH_SEARCH_PATHS = "$(inherited) $(TOOLCHAIN_DIR)/usr/lib/swift/macosx";
				OTHER_CFLAGS = "$(inherited)";
				OTHER_LDFLAGS = "$(inherited)";
				OTHER_SWIFT_FLAGS = "$(inherited) -Xcc -fmodule-map-file=$(SRCROOT)/.build/checkouts/swift-package-manager.git--1777058171964832481/Sources/clibc/include/module.modulemap";
				PRODUCT_BUNDLE_IDENTIFIER = Basic;
				PRODUCT_MODULE_NAME = "$(TARGET_NAME:c99extidentifier)";
				PRODUCT_NAME = "$(TARGET_NAME:c99extidentifier)";
				SKIP_INSTALL = YES;
				SWIFT_ACTIVE_COMPILATION_CONDITIONS = "$(inherited)";
				SWIFT_VERSION = 4.0;
				TARGET_NAME = Basic;
			};
			name = Release;
		};
		OBJ_172 /* Debug */ = {
			isa = XCBuildConfiguration;
			buildSettings = {
				ENABLE_TESTABILITY = YES;
				FRAMEWORK_SEARCH_PATHS = (
					"$(inherited)",
					"$(PLATFORM_DIR)/Developer/Library/Frameworks",
				);
				HEADER_SEARCH_PATHS = (
					"$(inherited)",
					"$(SRCROOT)/.build/checkouts/swift-package-manager.git--1777058171964832481/Sources/clibc/include",
				);
				INFOPLIST_FILE = cbeacon.xcodeproj/POSIX_Info.plist;
				LD_RUNPATH_SEARCH_PATHS = "$(inherited) $(TOOLCHAIN_DIR)/usr/lib/swift/macosx";
				OTHER_CFLAGS = "$(inherited)";
				OTHER_LDFLAGS = "$(inherited)";
				OTHER_SWIFT_FLAGS = "$(inherited) -Xcc -fmodule-map-file=$(SRCROOT)/.build/checkouts/swift-package-manager.git--1777058171964832481/Sources/clibc/include/module.modulemap";
				PRODUCT_BUNDLE_IDENTIFIER = POSIX;
				PRODUCT_MODULE_NAME = "$(TARGET_NAME:c99extidentifier)";
				PRODUCT_NAME = "$(TARGET_NAME:c99extidentifier)";
				SKIP_INSTALL = YES;
				SWIFT_ACTIVE_COMPILATION_CONDITIONS = "$(inherited)";
				SWIFT_VERSION = 4.0;
				TARGET_NAME = POSIX;
			};
			name = Debug;
		};
		OBJ_173 /* Release */ = {
			isa = XCBuildConfiguration;
			buildSettings = {
				ENABLE_TESTABILITY = YES;
				FRAMEWORK_SEARCH_PATHS = (
					"$(inherited)",
					"$(PLATFORM_DIR)/Developer/Library/Frameworks",
				);
				HEADER_SEARCH_PATHS = (
					"$(inherited)",
					"$(SRCROOT)/.build/checkouts/swift-package-manager.git--1777058171964832481/Sources/clibc/include",
				);
				INFOPLIST_FILE = cbeacon.xcodeproj/POSIX_Info.plist;
				LD_RUNPATH_SEARCH_PATHS = "$(inherited) $(TOOLCHAIN_DIR)/usr/lib/swift/macosx";
				OTHER_CFLAGS = "$(inherited)";
				OTHER_LDFLAGS = "$(inherited)";
				OTHER_SWIFT_FLAGS = "$(inherited) -Xcc -fmodule-map-file=$(SRCROOT)/.build/checkouts/swift-package-manager.git--1777058171964832481/Sources/clibc/include/module.modulemap";
				PRODUCT_BUNDLE_IDENTIFIER = POSIX;
				PRODUCT_MODULE_NAME = "$(TARGET_NAME:c99extidentifier)";
				PRODUCT_NAME = "$(TARGET_NAME:c99extidentifier)";
				SKIP_INSTALL = YES;
				SWIFT_ACTIVE_COMPILATION_CONDITIONS = "$(inherited)";
				SWIFT_VERSION = 4.0;
				TARGET_NAME = POSIX;
			};
			name = Release;
		};
		OBJ_192 /* Debug */ = {
			isa = XCBuildConfiguration;
			buildSettings = {
				ENABLE_TESTABILITY = YES;
				FRAMEWORK_SEARCH_PATHS = (
					"$(inherited)",
					"$(PLATFORM_DIR)/Developer/Library/Frameworks",
				);
				HEADER_SEARCH_PATHS = (
					"$(inherited)",
					"$(SRCROOT)/.build/checkouts/swift-package-manager.git--1777058171964832481/Sources/clibc/include",
				);
				INFOPLIST_FILE = cbeacon.xcodeproj/SPMLibc_Info.plist;
				LD_RUNPATH_SEARCH_PATHS = "$(inherited) $(TOOLCHAIN_DIR)/usr/lib/swift/macosx";
				OTHER_CFLAGS = "$(inherited)";
				OTHER_LDFLAGS = "$(inherited)";
				OTHER_SWIFT_FLAGS = "$(inherited) -Xcc -fmodule-map-file=$(SRCROOT)/.build/checkouts/swift-package-manager.git--1777058171964832481/Sources/clibc/include/module.modulemap";
				PRODUCT_BUNDLE_IDENTIFIER = SPMLibc;
				PRODUCT_MODULE_NAME = "$(TARGET_NAME:c99extidentifier)";
				PRODUCT_NAME = "$(TARGET_NAME:c99extidentifier)";
				SKIP_INSTALL = YES;
				SWIFT_ACTIVE_COMPILATION_CONDITIONS = "$(inherited)";
				SWIFT_VERSION = 4.0;
				TARGET_NAME = SPMLibc;
			};
			name = Debug;
		};
		OBJ_193 /* Release */ = {
			isa = XCBuildConfiguration;
			buildSettings = {
				ENABLE_TESTABILITY = YES;
				FRAMEWORK_SEARCH_PATHS = (
					"$(inherited)",
					"$(PLATFORM_DIR)/Developer/Library/Frameworks",
				);
				HEADER_SEARCH_PATHS = (
					"$(inherited)",
					"$(SRCROOT)/.build/checkouts/swift-package-manager.git--1777058171964832481/Sources/clibc/include",
				);
				INFOPLIST_FILE = cbeacon.xcodeproj/SPMLibc_Info.plist;
				LD_RUNPATH_SEARCH_PATHS = "$(inherited) $(TOOLCHAIN_DIR)/usr/lib/swift/macosx";
				OTHER_CFLAGS = "$(inherited)";
				OTHER_LDFLAGS = "$(inherited)";
				OTHER_SWIFT_FLAGS = "$(inherited) -Xcc -fmodule-map-file=$(SRCROOT)/.build/checkouts/swift-package-manager.git--1777058171964832481/Sources/clibc/include/module.modulemap";
				PRODUCT_BUNDLE_IDENTIFIER = SPMLibc;
				PRODUCT_MODULE_NAME = "$(TARGET_NAME:c99extidentifier)";
				PRODUCT_NAME = "$(TARGET_NAME:c99extidentifier)";
				SKIP_INSTALL = YES;
				SWIFT_ACTIVE_COMPILATION_CONDITIONS = "$(inherited)";
				SWIFT_VERSION = 4.0;
				TARGET_NAME = SPMLibc;
			};
			name = Release;
		};
		OBJ_201 /* Debug */ = {
			isa = XCBuildConfiguration;
			buildSettings = {
				LD = /usr/bin/true;
				OTHER_SWIFT_FLAGS = "-swift-version 4 -I $(TOOLCHAIN_DIR)/usr/lib/swift/pm/4 -target x86_64-apple-macosx10.10 -sdk /Applications/Xcode.app/Contents/Developer/Platforms/MacOSX.platform/Developer/SDKs/MacOSX10.14.sdk";
				SWIFT_VERSION = 4.0;
			};
			name = Debug;
		};
		OBJ_202 /* Release */ = {
			isa = XCBuildConfiguration;
			buildSettings = {
				LD = /usr/bin/true;
				OTHER_SWIFT_FLAGS = "-swift-version 4 -I $(TOOLCHAIN_DIR)/usr/lib/swift/pm/4 -target x86_64-apple-macosx10.10 -sdk /Applications/Xcode.app/Contents/Developer/Platforms/MacOSX.platform/Developer/SDKs/MacOSX10.14.sdk";
				SWIFT_VERSION = 4.0;
			};
			name = Release;
		};
		OBJ_207 /* Debug */ = {
			isa = XCBuildConfiguration;
			buildSettings = {
				ENABLE_TESTABILITY = YES;
				FRAMEWORK_SEARCH_PATHS = (
					"$(inherited)",
					"$(PLATFORM_DIR)/Developer/Library/Frameworks",
				);
				HEADER_SEARCH_PATHS = (
					"$(inherited)",
					"$(SRCROOT)/.build/checkouts/swift-package-manager.git--1777058171964832481/Sources/clibc/include",
				);
				INFOPLIST_FILE = cbeacon.xcodeproj/Utility_Info.plist;
				LD_RUNPATH_SEARCH_PATHS = "$(inherited) $(TOOLCHAIN_DIR)/usr/lib/swift/macosx";
				OTHER_CFLAGS = "$(inherited)";
				OTHER_LDFLAGS = "$(inherited)";
				OTHER_SWIFT_FLAGS = "$(inherited) -Xcc -fmodule-map-file=$(SRCROOT)/.build/checkouts/swift-package-manager.git--1777058171964832481/Sources/clibc/include/module.modulemap";
				PRODUCT_BUNDLE_IDENTIFIER = Utility;
				PRODUCT_MODULE_NAME = "$(TARGET_NAME:c99extidentifier)";
				PRODUCT_NAME = "$(TARGET_NAME:c99extidentifier)";
				SKIP_INSTALL = YES;
				SWIFT_ACTIVE_COMPILATION_CONDITIONS = "$(inherited)";
				SWIFT_VERSION = 4.0;
				TARGET_NAME = Utility;
			};
			name = Debug;
		};
		OBJ_208 /* Release */ = {
			isa = XCBuildConfiguration;
			buildSettings = {
				ENABLE_TESTABILITY = YES;
				FRAMEWORK_SEARCH_PATHS = (
					"$(inherited)",
					"$(PLATFORM_DIR)/Developer/Library/Frameworks",
				);
				HEADER_SEARCH_PATHS = (
					"$(inherited)",
					"$(SRCROOT)/.build/checkouts/swift-package-manager.git--1777058171964832481/Sources/clibc/include",
				);
				INFOPLIST_FILE = cbeacon.xcodeproj/Utility_Info.plist;
				LD_RUNPATH_SEARCH_PATHS = "$(inherited) $(TOOLCHAIN_DIR)/usr/lib/swift/macosx";
				OTHER_CFLAGS = "$(inherited)";
				OTHER_LDFLAGS = "$(inherited)";
				OTHER_SWIFT_FLAGS = "$(inherited) -Xcc -fmodule-map-file=$(SRCROOT)/.build/checkouts/swift-package-manager.git--1777058171964832481/Sources/clibc/include/module.modulemap";
				PRODUCT_BUNDLE_IDENTIFIER = Utility;
				PRODUCT_MODULE_NAME = "$(TARGET_NAME:c99extidentifier)";
				PRODUCT_NAME = "$(TARGET_NAME:c99extidentifier)";
				SKIP_INSTALL = YES;
				SWIFT_ACTIVE_COMPILATION_CONDITIONS = "$(inherited)";
				SWIFT_VERSION = 4.0;
				TARGET_NAME = Utility;
			};
			name = Release;
		};
		OBJ_240 /* Debug */ = {
			isa = XCBuildConfiguration;
			buildSettings = {
				FRAMEWORK_SEARCH_PATHS = (
					"$(inherited)",
					"$(PLATFORM_DIR)/Developer/Library/Frameworks",
				);
				HEADER_SEARCH_PATHS = (
					"$(inherited)",
					"$(SRCROOT)/.build/checkouts/swift-package-manager.git--1777058171964832481/Sources/clibc/include",
				);
				INFOPLIST_FILE = cbeacon.xcodeproj/cbeacon_Info.plist;
				LD_RUNPATH_SEARCH_PATHS = "$(inherited) $(TOOLCHAIN_DIR)/usr/lib/swift/macosx @executable_path";
				OTHER_CFLAGS = "$(inherited)";
				OTHER_LDFLAGS = "$(inherited)";
				OTHER_SWIFT_FLAGS = "$(inherited) -Xcc -fmodule-map-file=$(SRCROOT)/.build/checkouts/swift-package-manager.git--1777058171964832481/Sources/clibc/include/module.modulemap";
				SWIFT_ACTIVE_COMPILATION_CONDITIONS = "$(inherited)";
				SWIFT_FORCE_DYNAMIC_LINK_STDLIB = YES;
				SWIFT_FORCE_STATIC_LINK_STDLIB = NO;
				SWIFT_VERSION = 4.2;
				TARGET_NAME = cbeacon;
			};
			name = Debug;
		};
		OBJ_241 /* Release */ = {
			isa = XCBuildConfiguration;
			buildSettings = {
				FRAMEWORK_SEARCH_PATHS = (
					"$(inherited)",
					"$(PLATFORM_DIR)/Developer/Library/Frameworks",
				);
				HEADER_SEARCH_PATHS = (
					"$(inherited)",
					"$(SRCROOT)/.build/checkouts/swift-package-manager.git--1777058171964832481/Sources/clibc/include",
				);
				INFOPLIST_FILE = cbeacon.xcodeproj/cbeacon_Info.plist;
				LD_RUNPATH_SEARCH_PATHS = "$(inherited) $(TOOLCHAIN_DIR)/usr/lib/swift/macosx @executable_path";
				OTHER_CFLAGS = "$(inherited)";
				OTHER_LDFLAGS = "$(inherited)";
				OTHER_SWIFT_FLAGS = "$(inherited) -Xcc -fmodule-map-file=$(SRCROOT)/.build/checkouts/swift-package-manager.git--1777058171964832481/Sources/clibc/include/module.modulemap";
				SWIFT_ACTIVE_COMPILATION_CONDITIONS = "$(inherited)";
				SWIFT_FORCE_DYNAMIC_LINK_STDLIB = YES;
				SWIFT_FORCE_STATIC_LINK_STDLIB = NO;
				SWIFT_VERSION = 4.2;
				TARGET_NAME = cbeacon;
			};
			name = Release;
		};
		OBJ_258 /* Debug */ = {
			isa = XCBuildConfiguration;
			buildSettings = {
				LD = /usr/bin/true;
				OTHER_SWIFT_FLAGS = "-swift-version 4.2 -I $(TOOLCHAIN_DIR)/usr/lib/swift/pm/4_2 -target x86_64-apple-macosx10.10 -sdk /Applications/Xcode.app/Contents/Developer/Platforms/MacOSX.platform/Developer/SDKs/MacOSX10.14.sdk";
				SWIFT_VERSION = 4.2;
			};
			name = Debug;
		};
		OBJ_259 /* Release */ = {
			isa = XCBuildConfiguration;
			buildSettings = {
				LD = /usr/bin/true;
				OTHER_SWIFT_FLAGS = "-swift-version 4.2 -I $(TOOLCHAIN_DIR)/usr/lib/swift/pm/4_2 -target x86_64-apple-macosx10.10 -sdk /Applications/Xcode.app/Contents/Developer/Platforms/MacOSX.platform/Developer/SDKs/MacOSX10.14.sdk";
				SWIFT_VERSION = 4.2;
			};
			name = Release;
		};
		OBJ_263 /* Debug */ = {
			isa = XCBuildConfiguration;
			buildSettings = {
				DEFINES_MODULE = NO;
				ENABLE_TESTABILITY = YES;
				FRAMEWORK_SEARCH_PATHS = (
					"$(inherited)",
					"$(PLATFORM_DIR)/Developer/Library/Frameworks",
				);
				HEADER_SEARCH_PATHS = (
					"$(inherited)",
					"$(SRCROOT)/.build/checkouts/swift-package-manager.git--1777058171964832481/Sources/clibc/include",
				);
				INFOPLIST_FILE = cbeacon.xcodeproj/clibc_Info.plist;
				LD_RUNPATH_SEARCH_PATHS = "$(inherited) $(TOOLCHAIN_DIR)/usr/lib/swift/macosx";
				OTHER_CFLAGS = "$(inherited)";
				OTHER_LDFLAGS = "$(inherited)";
				OTHER_SWIFT_FLAGS = "$(inherited)";
				PRODUCT_BUNDLE_IDENTIFIER = clibc;
				PRODUCT_MODULE_NAME = "$(TARGET_NAME:c99extidentifier)";
				PRODUCT_NAME = "$(TARGET_NAME:c99extidentifier)";
				SKIP_INSTALL = YES;
				SWIFT_ACTIVE_COMPILATION_CONDITIONS = "$(inherited)";
				TARGET_NAME = clibc;
			};
			name = Debug;
		};
		OBJ_264 /* Release */ = {
			isa = XCBuildConfiguration;
			buildSettings = {
				DEFINES_MODULE = NO;
				ENABLE_TESTABILITY = YES;
				FRAMEWORK_SEARCH_PATHS = (
					"$(inherited)",
					"$(PLATFORM_DIR)/Developer/Library/Frameworks",
				);
				HEADER_SEARCH_PATHS = (
					"$(inherited)",
					"$(SRCROOT)/.build/checkouts/swift-package-manager.git--1777058171964832481/Sources/clibc/include",
				);
				INFOPLIST_FILE = cbeacon.xcodeproj/clibc_Info.plist;
				LD_RUNPATH_SEARCH_PATHS = "$(inherited) $(TOOLCHAIN_DIR)/usr/lib/swift/macosx";
				OTHER_CFLAGS = "$(inherited)";
				OTHER_LDFLAGS = "$(inherited)";
				OTHER_SWIFT_FLAGS = "$(inherited)";
				PRODUCT_BUNDLE_IDENTIFIER = clibc;
				PRODUCT_MODULE_NAME = "$(TARGET_NAME:c99extidentifier)";
				PRODUCT_NAME = "$(TARGET_NAME:c99extidentifier)";
				SKIP_INSTALL = YES;
				SWIFT_ACTIVE_COMPILATION_CONDITIONS = "$(inherited)";
				TARGET_NAME = clibc;
			};
			name = Release;
		};
		OBJ_3 /* Debug */ = {
			isa = XCBuildConfiguration;
			buildSettings = {
				CLANG_ENABLE_OBJC_ARC = YES;
				COMBINE_HIDPI_IMAGES = YES;
				COPY_PHASE_STRIP = NO;
				DEBUG_INFORMATION_FORMAT = dwarf;
				DYLIB_INSTALL_NAME_BASE = "@rpath";
				ENABLE_NS_ASSERTIONS = YES;
				GCC_OPTIMIZATION_LEVEL = 0;
				GCC_PREPROCESSOR_DEFINITIONS = (
					"DEBUG=1",
					"$(inherited)",
				);
				MACOSX_DEPLOYMENT_TARGET = 10.12;
				ONLY_ACTIVE_ARCH = YES;
				OTHER_SWIFT_FLAGS = "-DXcode";
				PRODUCT_NAME = "$(TARGET_NAME)";
				SDKROOT = macosx;
				SUPPORTED_PLATFORMS = "macosx iphoneos iphonesimulator appletvos appletvsimulator watchos watchsimulator";
				SWIFT_ACTIVE_COMPILATION_CONDITIONS = "SWIFT_PACKAGE DEBUG";
				SWIFT_OPTIMIZATION_LEVEL = "-Onone";
				USE_HEADERMAP = NO;
			};
			name = Debug;
		};
		OBJ_4 /* Release */ = {
			isa = XCBuildConfiguration;
			buildSettings = {
				CLANG_ENABLE_OBJC_ARC = YES;
				COMBINE_HIDPI_IMAGES = YES;
				COPY_PHASE_STRIP = YES;
				DEBUG_INFORMATION_FORMAT = "dwarf-with-dsym";
				DYLIB_INSTALL_NAME_BASE = "@rpath";
				GCC_OPTIMIZATION_LEVEL = s;
				MACOSX_DEPLOYMENT_TARGET = 10.12;
				OTHER_SWIFT_FLAGS = "-DXcode";
				PRODUCT_NAME = "$(TARGET_NAME)";
				SDKROOT = macosx;
				SUPPORTED_PLATFORMS = "macosx iphoneos iphonesimulator appletvos appletvsimulator watchos watchsimulator";
				SWIFT_ACTIVE_COMPILATION_CONDITIONS = SWIFT_PACKAGE;
				SWIFT_OPTIMIZATION_LEVEL = "-Owholemodule";
				USE_HEADERMAP = NO;
			};
			name = Release;
		};
/* End XCBuildConfiguration section */

/* Begin XCConfigurationList section */
		OBJ_119 /* Build configuration list for PBXNativeTarget "Basic" */ = {
			isa = XCConfigurationList;
			buildConfigurations = (
				OBJ_120 /* Debug */,
				OBJ_121 /* Release */,
			);
			defaultConfigurationIsVisible = 0;
			defaultConfigurationName = Release;
		};
		OBJ_171 /* Build configuration list for PBXNativeTarget "POSIX" */ = {
			isa = XCConfigurationList;
			buildConfigurations = (
				OBJ_172 /* Debug */,
				OBJ_173 /* Release */,
			);
			defaultConfigurationIsVisible = 0;
			defaultConfigurationName = Release;
		};
		OBJ_191 /* Build configuration list for PBXNativeTarget "SPMLibc" */ = {
			isa = XCConfigurationList;
			buildConfigurations = (
				OBJ_192 /* Debug */,
				OBJ_193 /* Release */,
			);
			defaultConfigurationIsVisible = 0;
			defaultConfigurationName = Release;
		};
		OBJ_2 /* Build configuration list for PBXProject "cbeacon" */ = {
			isa = XCConfigurationList;
			buildConfigurations = (
				OBJ_3 /* Debug */,
				OBJ_4 /* Release */,
			);
			defaultConfigurationIsVisible = 0;
			defaultConfigurationName = Release;
		};
		OBJ_200 /* Build configuration list for PBXNativeTarget "SwiftPMPackageDescription" */ = {
			isa = XCConfigurationList;
			buildConfigurations = (
				OBJ_201 /* Debug */,
				OBJ_202 /* Release */,
			);
			defaultConfigurationIsVisible = 0;
			defaultConfigurationName = Release;
		};
		OBJ_206 /* Build configuration list for PBXNativeTarget "Utility" */ = {
			isa = XCConfigurationList;
			buildConfigurations = (
				OBJ_207 /* Debug */,
				OBJ_208 /* Release */,
			);
			defaultConfigurationIsVisible = 0;
			defaultConfigurationName = Release;
		};
		OBJ_239 /* Build configuration list for PBXNativeTarget "cbeacon" */ = {
			isa = XCConfigurationList;
			buildConfigurations = (
				OBJ_240 /* Debug */,
				OBJ_241 /* Release */,
			);
			defaultConfigurationIsVisible = 0;
			defaultConfigurationName = Release;
		};
		OBJ_257 /* Build configuration list for PBXNativeTarget "cbeaconPackageDescription" */ = {
			isa = XCConfigurationList;
			buildConfigurations = (
				OBJ_258 /* Debug */,
				OBJ_259 /* Release */,
			);
			defaultConfigurationIsVisible = 0;
			defaultConfigurationName = Release;
		};
		OBJ_262 /* Build configuration list for PBXNativeTarget "clibc" */ = {
			isa = XCConfigurationList;
			buildConfigurations = (
				OBJ_263 /* Debug */,
				OBJ_264 /* Release */,
			);
			defaultConfigurationIsVisible = 0;
			defaultConfigurationName = Release;
		};
/* End XCConfigurationList section */
	};
	rootObject = OBJ_1 /* Project object */;
}
